{
  "version": 4,
  "terraform_version": "1.5.1",
  "serial": 1620,
  "lineage": "a922ccea-f5cf-39bd-de92-37b85d4fb66f",
  "outputs": {},
  "resources": [
    {
      "mode": "data",
      "type": "aws_iam_role",
      "name": "labrole-arn",
      "provider": "provider[\"registry.terraform.io/hashicorp/aws\"]",
      "instances": [
        {
          "schema_version": 0,
          "attributes": {
            "arn": "arn:aws:iam::750038500402:role/LabRole",
            "assume_role_policy": "{\"Version\":\"2012-10-17\",\"Statement\":[{\"Effect\":\"Allow\",\"Principal\":{\"Service\":[\"iotevents.amazonaws.com\",\"elasticloadbalancing.amazonaws.com\",\"storagegateway.amazonaws.com\",\"iot.amazonaws.com\",\"elasticfilesystem.amazonaws.com\",\"rekognition.amazonaws.com\",\"credentials.iot.amazonaws.com\",\"cloudfront.amazonaws.com\",\"datapipeline.amazonaws.com\",\"personalize.amazonaws.com\",\"logs.amazonaws.com\",\"dynamodb.amazonaws.com\",\"codecommit.amazonaws.com\",\"cloudtrail.amazonaws.com\",\"lambda.amazonaws.com\",\"ec2.amazonaws.com\",\"glue.amazonaws.com\",\"rds.amazonaws.com\",\"lex.amazonaws.com\",\"events.amazonaws.com\",\"servicecatalog.amazonaws.com\",\"backup.amazonaws.com\",\"elasticbeanstalk.amazonaws.com\",\"cloud9.amazonaws.com\",\"ecs-tasks.amazonaws.com\",\"batch.amazonaws.com\",\"quicksight.amazonaws.com\",\"sagemaker.amazonaws.com\",\"robomaker.amazonaws.com\",\"autoscaling.amazonaws.com\",\"states.amazonaws.com\",\"ec2.application-autoscaling.amazonaws.com\",\"scheduler.amazonaws.com\",\"apigateway.amazonaws.com\",\"eks-fargate-pods.amazonaws.com\",\"resource-groups.amazonaws.com\",\"kms.amazonaws.com\",\"cognito-idp.amazonaws.com\",\"firehose.amazonaws.com\",\"deepracer.amazonaws.com\",\"forecast.amazonaws.com\",\"athena.amazonaws.com\",\"elasticmapreduce.amazonaws.com\",\"codedeploy.amazonaws.com\",\"kendra.amazonaws.com\",\"secretsmanager.amazonaws.com\",\"kinesisanalytics.amazonaws.com\",\"databrew.amazonaws.com\",\"sqs.amazonaws.com\",\"ssm.amazonaws.com\",\"eks.amazonaws.com\",\"application-autoscaling.amazonaws.com\",\"redshift.amazonaws.com\",\"sns.amazonaws.com\",\"s3.amazonaws.com\",\"kinesis.amazonaws.com\",\"cloudformation.amazonaws.com\",\"iotanalytics.amazonaws.com\"]},\"Action\":\"sts:AssumeRole\"}]}",
            "create_date": "2023-06-25T14:38:19Z",
            "description": "",
            "id": "LabRole",
            "max_session_duration": 3600,
            "name": "LabRole",
            "path": "/",
            "permissions_boundary": "",
            "role_last_used": [
              {
                "last_used_date": "2023-06-26T00:34:10Z",
                "region": "us-east-1"
              }
            ],
            "tags": {
              "cloudlab": "c77595a1603022l4123704t1w750038500402"
            },
            "unique_id": "AROA25IOHIQZB5M2YWVIC"
          },
          "sensitive_attributes": []
        }
      ]
    },
    {
      "mode": "managed",
      "type": "aws_db_subnet_group",
      "name": "obligatorio_db_subnet_group",
      "provider": "provider[\"registry.terraform.io/hashicorp/aws\"]",
      "instances": [
        {
          "schema_version": 0,
          "attributes": {
            "arn": "arn:aws:rds:us-east-1:750038500402:subgrp:obligatorio-db-subnet-group",
            "description": "DB subnet group for AC1 project",
            "id": "obligatorio-db-subnet-group",
            "name": "obligatorio-db-subnet-group",
            "name_prefix": "",
            "subnet_ids": [
              "subnet-028e8093a0a3bbbe9",
              "subnet-0a562a829612f14f0"
            ],
            "supported_network_types": [
              "IPV4"
            ],
            "tags": {},
            "tags_all": {},
            "vpc_id": "vpc-088513419c43f0ad6"
          },
          "sensitive_attributes": [],
          "private": "bnVsbA==",
          "dependencies": [
            "aws_subnet.obligatorio_private_subnet",
            "aws_subnet.obligatorio_private_subnet_2",
            "aws_vpc.vpc_obligatorio"
          ]
        }
      ]
    },
    {
      "mode": "managed",
      "type": "aws_eks_cluster",
      "name": "obligatorio_cluster",
      "provider": "provider[\"registry.terraform.io/hashicorp/aws\"]",
      "instances": [
        {
          "schema_version": 0,
          "attributes": {
            "arn": "arn:aws:eks:us-east-1:750038500402:cluster/obligatorio-cluster",
            "certificate_authority": [
              {
                "data": "LS0tLS1CRUdJTiBDRVJUSUZJQ0FURS0tLS0tCk1JSUMvakNDQWVhZ0F3SUJBZ0lCQURBTkJna3Foa2lHOXcwQkFRc0ZBREFWTVJNd0VRWURWUVFERXdwcmRXSmwKY201bGRHVnpNQjRYRFRJek1EWXlOVEl6TkRnek4xb1hEVE16TURZeU1qSXpORGd6TjFvd0ZURVRNQkVHQTFVRQpBeE1LYTNWaVpYSnVaWFJsY3pDQ0FTSXdEUVlKS29aSWh2Y05BUUVCQlFBRGdnRVBBRENDQVFvQ2dnRUJBTFA1CjJKcUFoWit4K1l6ZW5CSDV5Z2c5VGxkVTdFRjhWbDdMZHk0MDBwSS8yclQ4WUFnNlNSV3VIMmNYczhpZ25QeXAKRkdPZHhKcVN0MTVINWRSVmhYWWtKWU0xMkhMM2FKZ0xkYWNuV004TkZGU245bElvVTVnZWxENkZYdjFSZFZKKwpqNVU5YU9idkI1M0svRUlqRndwSUVydi9udDZaTFNXbFVnZUxjd0xIUlRMQy91QmM4b2NTYy8xVm95YjQ2RjhqCnpIV0I2aml4Rm43eWVRQTZZSDAvVUpLaGUvRy9WNjJodm1pSkcwZWluRFhXeGkrQnpsZjN5eTk0TFgzMlZZaE8KWFl0SEU0NkNENDBsVlM2NHBjdlRaejVDVi9JbmJEU0hHS0tFbXdKdjFrVUpmWWU3c3dMbEhkS0s0cnZ4bWFRQgo0c055Y09vdjNwNkh6VmRxYndVQ0F3RUFBYU5aTUZjd0RnWURWUjBQQVFIL0JBUURBZ0trTUE4R0ExVWRFd0VCCi93UUZNQU1CQWY4d0hRWURWUjBPQkJZRUZPT01iblljMm1iR2RYZXNsRUVvbnZLTkpWYnFNQlVHQTFVZEVRUU8KTUF5Q0NtdDFZbVZ5Ym1WMFpYTXdEUVlKS29aSWh2Y05BUUVMQlFBRGdnRUJBS0dOVlEzRWVhaGRaUzRSdHdqLwpOdDRianowRVFZM0t4K0hOV3E3YUFvZzJiS0pmWlJIelNTcHVxYklEOE1IRU96bTB5dUdCSkhVQzhsVGFKazNpCktiaFZiTm9qOTFWN2pEZ2IxRGpVUmI4YUFETlZaVU5QcTFhTnJieFhHQzkxcFkvSjBkbWRzeTJkQnNMblZPdUoKRElRbEN3SXpnL2JFSHZmand3N05SZTRTMFlweWRqL3hVSE4xYTJFR2FRN2kxdldHVkVveU5tckVRWU90c1BoSAp5VDFXYmRCODdTeEdmKy90WFVQVW8zSkovaEpGKzRHMnZTSkJtREZqRXA2b1VGV0Naa0Mra3VZUWo4TjdrYlZpCmN6bU1GM25VZDhvTFdSaExvajUwUExVTVJCdzhVcTVaZ3ViQnN4UlcwMmdLOEZTMFVOYUJRbTFFVEVNSHZXenIKTkZvPQotLS0tLUVORCBDRVJUSUZJQ0FURS0tLS0tCg=="
              }
            ],
            "cluster_id": null,
            "created_at": "2023-06-25 23:42:51.871 +0000 UTC",
            "enabled_cluster_log_types": [],
            "encryption_config": [],
            "endpoint": "https://A766F0AF2D6676F9DB9AAEBA846BC493.gr7.us-east-1.eks.amazonaws.com",
            "id": "obligatorio-cluster",
            "identity": [
              {
                "oidc": [
                  {
                    "issuer": "https://oidc.eks.us-east-1.amazonaws.com/id/A766F0AF2D6676F9DB9AAEBA846BC493"
                  }
                ]
              }
            ],
            "kubernetes_network_config": [
              {
                "ip_family": "ipv4",
                "service_ipv4_cidr": "172.20.0.0/16",
                "service_ipv6_cidr": ""
              }
            ],
            "name": "obligatorio-cluster",
            "outpost_config": [],
            "platform_version": "eks.2",
            "role_arn": "arn:aws:iam::750038500402:role/LabRole",
            "status": "ACTIVE",
            "tags": {},
            "tags_all": {},
            "timeouts": null,
            "version": "1.27",
            "vpc_config": [
              {
                "cluster_security_group_id": "sg-07d37469e4d1ca6b9",
                "endpoint_private_access": false,
                "endpoint_public_access": true,
                "public_access_cidrs": [
                  "0.0.0.0/0"
                ],
                "security_group_ids": [],
                "subnet_ids": [
                  "subnet-0726d60089cd33410",
                  "subnet-0c72fef196e6ab148"
                ],
                "vpc_id": "vpc-088513419c43f0ad6"
              }
            ]
          },
          "sensitive_attributes": [],
          "private": "eyJlMmJmYjczMC1lY2FhLTExZTYtOGY4OC0zNDM2M2JjN2M0YzAiOnsiY3JlYXRlIjoxODAwMDAwMDAwMDAwLCJkZWxldGUiOjkwMDAwMDAwMDAwMCwidXBkYXRlIjozNjAwMDAwMDAwMDAwfX0=",
          "dependencies": [
            "aws_subnet.obligatorio_public_subnet",
            "aws_subnet.obligatorio_public_subnet2",
            "aws_vpc.vpc_obligatorio",
            "data.aws_iam_role.labrole-arn"
          ]
        }
      ]
    },
    {
      "mode": "managed",
      "type": "aws_internet_gateway",
      "name": "obligatorio_igw",
      "provider": "provider[\"registry.terraform.io/hashicorp/aws\"]",
      "instances": [
        {
          "schema_version": 0,
          "attributes": {
            "arn": "arn:aws:ec2:us-east-1:750038500402:internet-gateway/igw-00fd5a1b05b59ed98",
            "id": "igw-00fd5a1b05b59ed98",
            "owner_id": "750038500402",
            "tags": {
              "Name": "obligatorioc1-internet-gateway",
              "terraform": "True"
            },
            "tags_all": {
              "Name": "obligatorioc1-internet-gateway",
              "terraform": "True"
            },
            "timeouts": null,
            "vpc_id": "vpc-088513419c43f0ad6"
          },
          "sensitive_attributes": [],
          "private": "eyJlMmJmYjczMC1lY2FhLTExZTYtOGY4OC0zNDM2M2JjN2M0YzAiOnsiY3JlYXRlIjoxMjAwMDAwMDAwMDAwLCJkZWxldGUiOjEyMDAwMDAwMDAwMDAsInVwZGF0ZSI6MTIwMDAwMDAwMDAwMH19",
          "dependencies": [
            "aws_vpc.vpc_obligatorio"
          ]
        }
      ]
    },
    {
      "mode": "managed",
      "type": "aws_security_group",
      "name": "db_sg",
      "provider": "provider[\"registry.terraform.io/hashicorp/aws\"]",
      "instances": [
        {
          "schema_version": 1,
          "attributes": {
            "arn": "arn:aws:ec2:us-east-1:750038500402:security-group/sg-064154475d8732e3b",
            "description": "Security group for RDSzsdatabase",
            "egress": [],
            "id": "sg-064154475d8732e3b",
            "ingress": [
              {
                "cidr_blocks": [],
                "description": "",
                "from_port": 3306,
                "ipv6_cidr_blocks": [],
                "prefix_list_ids": [],
                "protocol": "tcp",
                "security_groups": [
                  "sg-0f7355121e77e5b9e"
                ],
                "self": false,
                "to_port": 3306
              }
            ],
            "name": "grupo-seguridad-db",
            "name_prefix": "",
            "owner_id": "750038500402",
            "revoke_rules_on_delete": false,
            "tags": {
              "Name": "grupo-seguridad-db",
              "terraform": "True"
            },
            "tags_all": {
              "Name": "grupo-seguridad-db",
              "terraform": "True"
            },
            "timeouts": null,
            "vpc_id": "vpc-088513419c43f0ad6"
          },
          "sensitive_attributes": [],
          "private": "eyJlMmJmYjczMC1lY2FhLTExZTYtOGY4OC0zNDM2M2JjN2M0YzAiOnsiY3JlYXRlIjo2MDAwMDAwMDAwMDAsImRlbGV0ZSI6OTAwMDAwMDAwMDAwfSwic2NoZW1hX3ZlcnNpb24iOiIxIn0=",
          "dependencies": [
            "aws_security_group.http_sg",
            "aws_vpc.vpc_obligatorio"
          ]
        }
      ]
    },
    {
      "mode": "managed",
      "type": "aws_security_group",
      "name": "http_sg",
      "provider": "provider[\"registry.terraform.io/hashicorp/aws\"]",
      "instances": [
        {
          "schema_version": 1,
          "attributes": {
            "arn": "arn:aws:ec2:us-east-1:750038500402:security-group/sg-0f7355121e77e5b9e",
            "description": "Security group for HTTP traffic",
            "egress": [
              {
                "cidr_blocks": [
                  "0.0.0.0/0"
                ],
                "description": "",
                "from_port": 0,
                "ipv6_cidr_blocks": [],
                "prefix_list_ids": [],
                "protocol": "-1",
                "security_groups": [],
                "self": false,
                "to_port": 0
              }
            ],
            "id": "sg-0f7355121e77e5b9e",
            "ingress": [
              {
                "cidr_blocks": [
                  "0.0.0.0/0"
                ],
                "description": "",
                "from_port": 22,
                "ipv6_cidr_blocks": [],
                "prefix_list_ids": [],
                "protocol": "tcp",
                "security_groups": [],
                "self": false,
                "to_port": 22
              },
              {
                "cidr_blocks": [
                  "0.0.0.0/0"
                ],
                "description": "",
                "from_port": 80,
                "ipv6_cidr_blocks": [],
                "prefix_list_ids": [],
                "protocol": "tcp",
                "security_groups": [],
                "self": false,
                "to_port": 80
              }
            ],
            "name": "grupo-seguridad-http",
            "name_prefix": "",
            "owner_id": "750038500402",
            "revoke_rules_on_delete": false,
            "tags": {
              "Name": "grupo-seguridad-http",
              "terraform": "True"
            },
            "tags_all": {
              "Name": "grupo-seguridad-http",
              "terraform": "True"
            },
            "timeouts": null,
            "vpc_id": "vpc-088513419c43f0ad6"
          },
          "sensitive_attributes": [],
          "private": "eyJlMmJmYjczMC1lY2FhLTExZTYtOGY4OC0zNDM2M2JjN2M0YzAiOnsiY3JlYXRlIjo2MDAwMDAwMDAwMDAsImRlbGV0ZSI6OTAwMDAwMDAwMDAwfSwic2NoZW1hX3ZlcnNpb24iOiIxIn0=",
          "dependencies": [
            "aws_vpc.vpc_obligatorio"
          ]
        }
      ]
    },
    {
      "mode": "managed",
      "type": "aws_subnet",
      "name": "obligatorio_private_subnet",
      "provider": "provider[\"registry.terraform.io/hashicorp/aws\"]",
      "instances": [
        {
          "schema_version": 1,
          "attributes": {
            "arn": "arn:aws:ec2:us-east-1:750038500402:subnet/subnet-0a562a829612f14f0",
            "assign_ipv6_address_on_creation": false,
            "availability_zone": "us-east-1a",
            "availability_zone_id": "use1-az2",
            "cidr_block": "10.0.2.0/24",
            "customer_owned_ipv4_pool": "",
            "enable_dns64": false,
            "enable_lni_at_device_index": 0,
            "enable_resource_name_dns_a_record_on_launch": false,
            "enable_resource_name_dns_aaaa_record_on_launch": false,
            "id": "subnet-0a562a829612f14f0",
            "ipv6_cidr_block": "",
            "ipv6_cidr_block_association_id": "",
            "ipv6_native": false,
            "map_customer_owned_ip_on_launch": false,
            "map_public_ip_on_launch": true,
            "outpost_arn": "",
            "owner_id": "750038500402",
            "private_dns_hostname_type_on_launch": "ip-name",
            "tags": {
              "Name": "obligatorio-private-subnet",
              "terraform": "True"
            },
            "tags_all": {
              "Name": "obligatorio-private-subnet",
              "terraform": "True"
            },
            "timeouts": null,
            "vpc_id": "vpc-088513419c43f0ad6"
          },
          "sensitive_attributes": [],
          "private": "eyJlMmJmYjczMC1lY2FhLTExZTYtOGY4OC0zNDM2M2JjN2M0YzAiOnsiY3JlYXRlIjo2MDAwMDAwMDAwMDAsImRlbGV0ZSI6MTIwMDAwMDAwMDAwMH0sInNjaGVtYV92ZXJzaW9uIjoiMSJ9",
          "dependencies": [
            "aws_vpc.vpc_obligatorio"
          ]
        }
      ]
    },
    {
      "mode": "managed",
      "type": "aws_subnet",
      "name": "obligatorio_private_subnet_2",
      "provider": "provider[\"registry.terraform.io/hashicorp/aws\"]",
      "instances": [
        {
          "schema_version": 1,
          "attributes": {
            "arn": "arn:aws:ec2:us-east-1:750038500402:subnet/subnet-028e8093a0a3bbbe9",
            "assign_ipv6_address_on_creation": false,
            "availability_zone": "us-east-1b",
            "availability_zone_id": "use1-az4",
            "cidr_block": "10.0.3.0/24",
            "customer_owned_ipv4_pool": "",
            "enable_dns64": false,
            "enable_lni_at_device_index": 0,
            "enable_resource_name_dns_a_record_on_launch": false,
            "enable_resource_name_dns_aaaa_record_on_launch": false,
            "id": "subnet-028e8093a0a3bbbe9",
            "ipv6_cidr_block": "",
            "ipv6_cidr_block_association_id": "",
            "ipv6_native": false,
            "map_customer_owned_ip_on_launch": false,
            "map_public_ip_on_launch": true,
            "outpost_arn": "",
            "owner_id": "750038500402",
            "private_dns_hostname_type_on_launch": "ip-name",
            "tags": {
              "Name": "obligatorio-private-subnet-2",
              "terraform": "True"
            },
            "tags_all": {
              "Name": "obligatorio-private-subnet-2",
              "terraform": "True"
            },
            "timeouts": null,
            "vpc_id": "vpc-088513419c43f0ad6"
          },
          "sensitive_attributes": [],
          "private": "eyJlMmJmYjczMC1lY2FhLTExZTYtOGY4OC0zNDM2M2JjN2M0YzAiOnsiY3JlYXRlIjo2MDAwMDAwMDAwMDAsImRlbGV0ZSI6MTIwMDAwMDAwMDAwMH0sInNjaGVtYV92ZXJzaW9uIjoiMSJ9",
          "dependencies": [
            "aws_vpc.vpc_obligatorio"
          ]
        }
      ]
    },
    {
      "mode": "managed",
      "type": "aws_subnet",
      "name": "obligatorio_public_subnet",
      "provider": "provider[\"registry.terraform.io/hashicorp/aws\"]",
      "instances": [
        {
          "schema_version": 1,
          "attributes": {
            "arn": "arn:aws:ec2:us-east-1:750038500402:subnet/subnet-0726d60089cd33410",
            "assign_ipv6_address_on_creation": false,
            "availability_zone": "us-east-1a",
            "availability_zone_id": "use1-az2",
            "cidr_block": "10.0.1.0/24",
            "customer_owned_ipv4_pool": "",
            "enable_dns64": false,
            "enable_lni_at_device_index": 0,
            "enable_resource_name_dns_a_record_on_launch": false,
            "enable_resource_name_dns_aaaa_record_on_launch": false,
            "id": "subnet-0726d60089cd33410",
            "ipv6_cidr_block": "",
            "ipv6_cidr_block_association_id": "",
            "ipv6_native": false,
            "map_customer_owned_ip_on_launch": false,
            "map_public_ip_on_launch": true,
            "outpost_arn": "",
            "owner_id": "750038500402",
            "private_dns_hostname_type_on_launch": "ip-name",
            "tags": {
              "Name": "obligatorio-public-subnet",
              "terraform": "True"
            },
            "tags_all": {
              "Name": "obligatorio-public-subnet",
              "terraform": "True"
            },
            "timeouts": null,
            "vpc_id": "vpc-088513419c43f0ad6"
          },
          "sensitive_attributes": [],
          "private": "eyJlMmJmYjczMC1lY2FhLTExZTYtOGY4OC0zNDM2M2JjN2M0YzAiOnsiY3JlYXRlIjo2MDAwMDAwMDAwMDAsImRlbGV0ZSI6MTIwMDAwMDAwMDAwMH0sInNjaGVtYV92ZXJzaW9uIjoiMSJ9",
          "dependencies": [
            "aws_vpc.vpc_obligatorio"
          ]
        }
      ]
    },
    {
      "mode": "managed",
      "type": "aws_subnet",
      "name": "obligatorio_public_subnet2",
      "provider": "provider[\"registry.terraform.io/hashicorp/aws\"]",
      "instances": [
        {
          "schema_version": 1,
          "attributes": {
            "arn": "arn:aws:ec2:us-east-1:750038500402:subnet/subnet-0c72fef196e6ab148",
            "assign_ipv6_address_on_creation": false,
            "availability_zone": "us-east-1b",
            "availability_zone_id": "use1-az4",
            "cidr_block": "10.0.4.0/24",
            "customer_owned_ipv4_pool": "",
            "enable_dns64": false,
            "enable_lni_at_device_index": 0,
            "enable_resource_name_dns_a_record_on_launch": false,
            "enable_resource_name_dns_aaaa_record_on_launch": false,
            "id": "subnet-0c72fef196e6ab148",
            "ipv6_cidr_block": "",
            "ipv6_cidr_block_association_id": "",
            "ipv6_native": false,
            "map_customer_owned_ip_on_launch": false,
            "map_public_ip_on_launch": true,
            "outpost_arn": "",
            "owner_id": "750038500402",
            "private_dns_hostname_type_on_launch": "ip-name",
            "tags": {
              "Name": "obligatorio-public-subnet2",
              "terraform": "True"
            },
            "tags_all": {
              "Name": "obligatorio-public-subnet2",
              "terraform": "True"
            },
            "timeouts": null,
            "vpc_id": "vpc-088513419c43f0ad6"
          },
          "sensitive_attributes": [],
          "private": "eyJlMmJmYjczMC1lY2FhLTExZTYtOGY4OC0zNDM2M2JjN2M0YzAiOnsiY3JlYXRlIjo2MDAwMDAwMDAwMDAsImRlbGV0ZSI6MTIwMDAwMDAwMDAwMH0sInNjaGVtYV92ZXJzaW9uIjoiMSJ9",
          "dependencies": [
            "aws_vpc.vpc_obligatorio"
          ]
        }
      ]
    },
    {
      "mode": "managed",
      "type": "aws_vpc",
      "name": "vpc_obligatorio",
      "provider": "provider[\"registry.terraform.io/hashicorp/aws\"]",
      "instances": [
        {
          "schema_version": 1,
          "attributes": {
            "arn": "arn:aws:ec2:us-east-1:750038500402:vpc/vpc-088513419c43f0ad6",
            "assign_generated_ipv6_cidr_block": false,
            "cidr_block": "10.0.0.0/16",
            "default_network_acl_id": "acl-05d976bd5df6f824d",
            "default_route_table_id": "rtb-06142e7e3c55e7ed0",
            "default_security_group_id": "sg-04c8401c2fea45157",
            "dhcp_options_id": "dopt-00ef245821013f271",
            "enable_dns_hostnames": false,
            "enable_dns_support": true,
            "enable_network_address_usage_metrics": false,
            "id": "vpc-088513419c43f0ad6",
            "instance_tenancy": "default",
            "ipv4_ipam_pool_id": null,
            "ipv4_netmask_length": null,
            "ipv6_association_id": "",
            "ipv6_cidr_block": "",
            "ipv6_cidr_block_network_border_group": "",
            "ipv6_ipam_pool_id": "",
            "ipv6_netmask_length": 0,
            "main_route_table_id": "rtb-06142e7e3c55e7ed0",
            "owner_id": "750038500402",
            "tags": {
              "Name": "obligatorio-vpc",
              "terraform": "True"
            },
            "tags_all": {
              "Name": "obligatorio-vpc",
              "terraform": "True"
            }
          },
          "sensitive_attributes": [],
          "private": "eyJzY2hlbWFfdmVyc2lvbiI6IjEifQ=="
        }
      ]
    },
    {
      "mode": "managed",
      "type": "kubernetes_persistent_volume_claim",
      "name": "obligatorio_pvc",
      "provider": "provider[\"registry.terraform.io/hashicorp/kubernetes\"]",
      "instances": []
    }
  ],
  "check_results": null
}
