{
  "version": 4,
  "terraform_version": "1.5.1",
  "serial": 1159,
  "lineage": "a922ccea-f5cf-39bd-de92-37b85d4fb66f",
  "outputs": {
    "db_sg_id": {
      "value": "sg-064154475d8732e3b",
      "type": "string"
    },
    "http_sg_id": {
      "value": "sg-0f7355121e77e5b9e",
      "type": "string"
    },
    "nat_gateway_eip_ids": {
      "value": [
        "eipalloc-05666543872097778"
      ],
      "type": [
        "tuple",
        [
          "string"
        ]
      ]
    },
    "nat_gateway_ids": {
      "value": [
        "nat-0c20e170524bf1410"
      ],
      "type": [
        "tuple",
        [
          "string"
        ]
      ]
    },
    "private_subnet_2_id": {
      "value": "subnet-028e8093a0a3bbbe9",
      "type": "string"
    },
    "private_subnet_id": {
      "value": "subnet-0a562a829612f14f0",
      "type": "string"
    },
    "public_subnet_cidr2": {
      "value": "10.0.4.0/24",
      "type": "string"
    },
    "public_subnet_id": {
      "value": "subnet-0a8d19b2105e98e39",
      "type": "string"
    },
    "s3_bucket_url": {
      "value": "http://obligatorio1.s3-website-us-east-1.amazonaws.com",
      "type": "string"
    },
    "ssh_sg_id": {
      "value": "sg-0243cc329d9bd3034",
      "type": "string"
    },
    "vpc_id": {
      "value": "vpc-088513419c43f0ad6",
      "type": "string"
    }
  },
  "resources": [
    {
      "mode": "data",
      "type": "aws_iam_role",
      "name": "labrole-arn",
      "provider": "provider[\"registry.terraform.io/hashicorp/aws\"]",
      "instances": [
        {
          "schema_version": 0,
          "attributes": {
            "arn": "arn:aws:iam::750038500402:role/LabRole",
            "assume_role_policy": "{\"Version\":\"2012-10-17\",\"Statement\":[{\"Effect\":\"Allow\",\"Principal\":{\"Service\":[\"eks-fargate-pods.amazonaws.com\",\"deepracer.amazonaws.com\",\"apigateway.amazonaws.com\",\"firehose.amazonaws.com\",\"states.amazonaws.com\",\"resource-groups.amazonaws.com\",\"cognito-idp.amazonaws.com\",\"ec2.application-autoscaling.amazonaws.com\",\"kinesisanalytics.amazonaws.com\",\"forecast.amazonaws.com\",\"quicksight.amazonaws.com\",\"elasticmapreduce.amazonaws.com\",\"athena.amazonaws.com\",\"events.amazonaws.com\",\"rds.amazonaws.com\",\"elasticbeanstalk.amazonaws.com\",\"datapipeline.amazonaws.com\",\"backup.amazonaws.com\",\"servicecatalog.amazonaws.com\",\"autoscaling.amazonaws.com\",\"cloud9.amazonaws.com\",\"scheduler.amazonaws.com\",\"batch.amazonaws.com\",\"ecs-tasks.amazonaws.com\",\"robomaker.amazonaws.com\",\"ec2.amazonaws.com\",\"cloudtrail.amazonaws.com\",\"credentials.iot.amazonaws.com\",\"logs.amazonaws.com\",\"glue.amazonaws.com\",\"lex.amazonaws.com\",\"eks.amazonaws.com\",\"kendra.amazonaws.com\",\"iot.amazonaws.com\",\"iotevents.amazonaws.com\",\"codecommit.amazonaws.com\",\"lambda.amazonaws.com\",\"storagegateway.amazonaws.com\",\"cloudfront.amazonaws.com\",\"personalize.amazonaws.com\",\"dynamodb.amazonaws.com\",\"redshift.amazonaws.com\",\"ssm.amazonaws.com\",\"databrew.amazonaws.com\",\"application-autoscaling.amazonaws.com\",\"rekognition.amazonaws.com\",\"sqs.amazonaws.com\",\"elasticfilesystem.amazonaws.com\",\"codedeploy.amazonaws.com\",\"elasticloadbalancing.amazonaws.com\",\"kms.amazonaws.com\",\"cloudformation.amazonaws.com\",\"sagemaker.amazonaws.com\",\"secretsmanager.amazonaws.com\",\"s3.amazonaws.com\",\"sns.amazonaws.com\",\"iotanalytics.amazonaws.com\",\"kinesis.amazonaws.com\"]},\"Action\":\"sts:AssumeRole\"}]}",
            "create_date": "2023-06-25T14:38:19Z",
            "description": "",
            "id": "LabRole",
            "max_session_duration": 3600,
            "name": "LabRole",
            "path": "/",
            "permissions_boundary": "",
            "role_last_used": [
              {
                "last_used_date": "2023-06-25T17:12:23Z",
                "region": "us-east-1"
              }
            ],
            "tags": {
              "cloudlab": "c77595a1603022l4123704t1w750038500402"
            },
            "unique_id": "AROA25IOHIQZB5M2YWVIC"
          },
          "sensitive_attributes": []
        }
      ]
    },
    {
      "mode": "managed",
      "type": "aws_autoscaling_group",
      "name": "obligatorio",
      "provider": "provider[\"registry.terraform.io/hashicorp/aws\"]",
      "instances": []
    },
    {
      "mode": "managed",
      "type": "aws_db_subnet_group",
      "name": "obligatorio_db_subnet_group",
      "provider": "provider[\"registry.terraform.io/hashicorp/aws\"]",
      "instances": [
        {
          "schema_version": 0,
          "attributes": {
            "arn": "arn:aws:rds:us-east-1:750038500402:subgrp:obligatorio-db-subnet-group",
            "description": "DB subnet group for AC1 project",
            "id": "obligatorio-db-subnet-group",
            "name": "obligatorio-db-subnet-group",
            "name_prefix": "",
            "subnet_ids": [
              "subnet-028e8093a0a3bbbe9",
              "subnet-0a562a829612f14f0"
            ],
            "supported_network_types": [
              "IPV4"
            ],
            "tags": {},
            "tags_all": {},
            "vpc_id": "vpc-088513419c43f0ad6"
          },
          "sensitive_attributes": [],
          "private": "bnVsbA==",
          "dependencies": [
            "aws_subnet.obligatorio_private_subnet",
            "aws_subnet.obligatorio_private_subnet_2",
            "aws_vpc.vpc_obligatorio"
          ]
        }
      ]
    },
    {
      "mode": "managed",
      "type": "aws_eip",
      "name": "nat_gateway_eip",
      "provider": "provider[\"registry.terraform.io/hashicorp/aws\"]",
      "instances": [
        {
          "schema_version": 0,
          "attributes": {
            "address": null,
            "allocation_id": "eipalloc-05666543872097778",
            "associate_with_private_ip": null,
            "association_id": "",
            "carrier_ip": "",
            "customer_owned_ip": "",
            "customer_owned_ipv4_pool": "",
            "domain": "vpc",
            "id": "eipalloc-05666543872097778",
            "instance": "",
            "network_border_group": "us-east-1",
            "network_interface": "",
            "private_dns": null,
            "private_ip": "",
            "public_dns": "ec2-18-211-45-72.compute-1.amazonaws.com",
            "public_ip": "18.211.45.72",
            "public_ipv4_pool": "amazon",
            "tags": null,
            "tags_all": {},
            "timeouts": null,
            "vpc": true
          },
          "sensitive_attributes": [],
          "private": "eyJlMmJmYjczMC1lY2FhLTExZTYtOGY4OC0zNDM2M2JjN2M0YzAiOnsiZGVsZXRlIjoxODAwMDAwMDAwMDAsInJlYWQiOjkwMDAwMDAwMDAwMCwidXBkYXRlIjozMDAwMDAwMDAwMDB9fQ=="
        }
      ]
    },
    {
      "mode": "managed",
      "type": "aws_eks_cluster",
      "name": "obligatorio_cluster",
      "provider": "provider[\"registry.terraform.io/hashicorp/aws\"]",
      "instances": [
        {
          "schema_version": 0,
          "attributes": {
            "arn": "arn:aws:eks:us-east-1:750038500402:cluster/obligatorio-cluster",
            "certificate_authority": [
              {
                "data": "LS0tLS1CRUdJTiBDRVJUSUZJQ0FURS0tLS0tCk1JSUMvakNDQWVhZ0F3SUJBZ0lCQURBTkJna3Foa2lHOXcwQkFRc0ZBREFWTVJNd0VRWURWUVFERXdwcmRXSmwKY201bGRHVnpNQjRYRFRJek1EWXlOVEUzTkRBMU1Gb1hEVE16TURZeU1qRTNOREExTUZvd0ZURVRNQkVHQTFVRQpBeE1LYTNWaVpYSnVaWFJsY3pDQ0FTSXdEUVlKS29aSWh2Y05BUUVCQlFBRGdnRVBBRENDQVFvQ2dnRUJBTFVWCnBJbWRvV2s2MjZQa2NVVmFQTmtMSUNDeGVqcmFRUTI5d1pvM1RGM2RUMVp6MFFBWmg2QjBZVlJCb04zWXMzVVEKdHZVd3M5cWE3RUozZWx5anJra0pad2h1ZktsbGlOY2RJZW01THJMbS9JT3ozcDBiRklGVkxKWlpSQ1owdlVxSwpldzlHV1pwUmlQdkNJNStMMTU3Mk9GY2FNenRRN2EwcGtsbitkOGNteE9NSU00RjNvU1ppMm1LZExUU2crQjc0CkswRVdYMU53clBORTZZNDZWaEFhV1UvME1URTFWN3pZL0xlMDVEWHpQWmZrNS8rMlVTRmFET0ZNOEtLWGxGUloKdklXNmkyVmRIcFlYc0xNVzFsMkpjTnNtOHB5NjV6U0ljbllKTWVoYm9kTTU5dys4SjliKy9SYTZQTFBGelVLUAp1ZjZGS3RPSzR5VDBRUDJCeERrQ0F3RUFBYU5aTUZjd0RnWURWUjBQQVFIL0JBUURBZ0trTUE4R0ExVWRFd0VCCi93UUZNQU1CQWY4d0hRWURWUjBPQkJZRUZCanA1WHAwQXkvSE5vMnpaWVFpZmtuNkdsYnBNQlVHQTFVZEVRUU8KTUF5Q0NtdDFZbVZ5Ym1WMFpYTXdEUVlKS29aSWh2Y05BUUVMQlFBRGdnRUJBQUpwUTNjS2JRUXAxQk9WZ1JNbApnRWcyNzQwQmtQcXFWNHc3citQQncxTGJiTmtSMWtvVkxCdEx5b2U1UFVtU1ZobmlSUnFoemc1alN4U2s2N0J0Cm1DWTBCTnYxUUJrOVh6RUpDV0NFcWFxcEFaYURFeUNHVGhkYm55WGFQd1pDd1VSYmN2T1A4ZWFvNGU0cnRPaEEKc3FLTzlRSmNrOHZDZ3pWOHRQWXRxSThkQ2Z3aWZ1WmRtNno2bzAyc2FDUnpEWWtLdGFxRzNSZXhxalN4RGNmNwp2cFJtaVY1UGVidmlCSm5BaHRnd0tmZUwzL0NVb0ZlVUE5QVgvQ1dHb3hUN29SNGR4ZGYvbDk5YU1pSlRpSlBQCnRTOVZTNTJUQVJGczAvQUI2aHBHZ3d1ZDlBdmdtdU05YWNSR21lTGlhQ3ZGclZXazBQbzZmV3p5VC9Wc3FnaDUKY1g0PQotLS0tLUVORCBDRVJUSUZJQ0FURS0tLS0tCg=="
              }
            ],
            "cluster_id": null,
            "created_at": "2023-06-25 17:35:11.804 +0000 UTC",
            "enabled_cluster_log_types": [],
            "encryption_config": [],
            "endpoint": "https://6BD91D4ACF75542101FB45290D2E9900.gr7.us-east-1.eks.amazonaws.com",
            "id": "obligatorio-cluster",
            "identity": [
              {
                "oidc": [
                  {
                    "issuer": "https://oidc.eks.us-east-1.amazonaws.com/id/6BD91D4ACF75542101FB45290D2E9900"
                  }
                ]
              }
            ],
            "kubernetes_network_config": [
              {
                "ip_family": "ipv4",
                "service_ipv4_cidr": "172.20.0.0/16",
                "service_ipv6_cidr": ""
              }
            ],
            "name": "obligatorio-cluster",
            "outpost_config": [],
            "platform_version": "eks.2",
            "role_arn": "arn:aws:iam::750038500402:role/LabRole",
            "status": "ACTIVE",
            "tags": {},
            "tags_all": {},
            "timeouts": null,
            "version": "1.27",
            "vpc_config": [
              {
                "cluster_security_group_id": "sg-086109c5f54b7e758",
                "endpoint_private_access": false,
                "endpoint_public_access": true,
                "public_access_cidrs": [
                  "0.0.0.0/0"
                ],
                "security_group_ids": [],
                "subnet_ids": [
                  "subnet-06671010e32859740",
                  "subnet-0a8d19b2105e98e39"
                ],
                "vpc_id": "vpc-088513419c43f0ad6"
              }
            ]
          },
          "sensitive_attributes": [],
          "private": "eyJlMmJmYjczMC1lY2FhLTExZTYtOGY4OC0zNDM2M2JjN2M0YzAiOnsiY3JlYXRlIjoxODAwMDAwMDAwMDAwLCJkZWxldGUiOjkwMDAwMDAwMDAwMCwidXBkYXRlIjozNjAwMDAwMDAwMDAwfX0=",
          "dependencies": [
            "aws_subnet.obligatorio_private_subnet",
            "aws_subnet.obligatorio_private_subnet_2",
            "aws_subnet.obligatorio_public_subnet",
            "aws_subnet.obligatorio_public_subnet2",
            "aws_vpc.vpc_obligatorio",
            "data.aws_iam_role.labrole-arn"
          ]
        }
      ]
    },
    {
      "mode": "managed",
      "type": "aws_eks_node_group",
      "name": "obligatorio_node_group",
      "provider": "provider[\"registry.terraform.io/hashicorp/aws\"]",
      "instances": [
        {
          "schema_version": 0,
          "attributes": {
            "ami_type": "AL2_x86_64",
            "arn": "arn:aws:eks:us-east-1:750038500402:nodegroup/obligatorio-cluster/obligatorio-node-group/d4c479d3-9448-f7c2-1418-61b2298eda55",
            "capacity_type": "ON_DEMAND",
            "cluster_name": "obligatorio-cluster",
            "disk_size": 20,
            "force_update_version": null,
            "id": "obligatorio-cluster:obligatorio-node-group",
            "instance_types": [
              "t3.medium"
            ],
            "labels": {},
            "launch_template": [],
            "node_group_name": "obligatorio-node-group",
            "node_group_name_prefix": "",
            "node_role_arn": "arn:aws:iam::750038500402:role/LabRole",
            "release_version": "1.27.1-20230607",
            "remote_access": [],
            "resources": [
              {
                "autoscaling_groups": [
                  {
                    "name": "eks-obligatorio-node-group-d4c479d3-9448-f7c2-1418-61b2298eda55"
                  }
                ],
                "remote_access_security_group_id": ""
              }
            ],
            "scaling_config": [
              {
                "desired_size": 1,
                "max_size": 2,
                "min_size": 1
              }
            ],
            "status": "DELETING",
            "subnet_ids": [
              "subnet-06671010e32859740",
              "subnet-0a8d19b2105e98e39"
            ],
            "tags": {
              "Name": "nodo 1-obligatorio"
            },
            "tags_all": {
              "Name": "nodo 1-obligatorio"
            },
            "taint": [],
            "timeouts": null,
            "update_config": [
              {
                "max_unavailable": 1,
                "max_unavailable_percentage": 0
              }
            ],
            "version": "1.27"
          },
          "sensitive_attributes": [],
          "private": "eyJlMmJmYjczMC1lY2FhLTExZTYtOGY4OC0zNDM2M2JjN2M0YzAiOnsiY3JlYXRlIjozNjAwMDAwMDAwMDAwLCJkZWxldGUiOjM2MDAwMDAwMDAwMDAsInVwZGF0ZSI6MzYwMDAwMDAwMDAwMH19",
          "dependencies": [
            "aws_eks_cluster.obligatorio_cluster",
            "aws_subnet.obligatorio_private_subnet",
            "aws_subnet.obligatorio_private_subnet_2",
            "aws_subnet.obligatorio_public_subnet",
            "aws_subnet.obligatorio_public_subnet2",
            "aws_vpc.vpc_obligatorio",
            "data.aws_iam_role.labrole-arn"
          ]
        }
      ]
    },
    {
      "mode": "managed",
      "type": "aws_elasticache_cluster",
      "name": "redis_instance",
      "provider": "provider[\"registry.terraform.io/hashicorp/aws\"]",
      "instances": [
        {
          "schema_version": 0,
          "attributes": {
            "apply_immediately": null,
            "arn": "arn:aws:elasticache:us-east-1:750038500402:cluster:obligatorio-redis-instance",
            "auto_minor_version_upgrade": "true",
            "availability_zone": "us-east-1b",
            "az_mode": "single-az",
            "cache_nodes": [
              {
                "address": "obligatorio-redis-instance.l1eyj1.0001.use1.cache.amazonaws.com",
                "availability_zone": "us-east-1b",
                "id": "0001",
                "outpost_arn": "",
                "port": 6379
              }
            ],
            "cluster_address": null,
            "cluster_id": "obligatorio-redis-instance",
            "configuration_endpoint": null,
            "engine": "redis",
            "engine_version": "6.x",
            "engine_version_actual": "6.2.6",
            "final_snapshot_identifier": null,
            "id": "obligatorio-redis-instance",
            "ip_discovery": "ipv4",
            "log_delivery_configuration": [],
            "maintenance_window": "wed:05:00-wed:06:00",
            "network_type": "ipv4",
            "node_type": "cache.t2.micro",
            "notification_topic_arn": null,
            "num_cache_nodes": 1,
            "outpost_mode": null,
            "parameter_group_name": "obligatorio-redis-parameter-group",
            "port": 6379,
            "preferred_availability_zones": null,
            "preferred_outpost_arn": "",
            "replication_group_id": "",
            "security_group_ids": [
              "sg-0f5e61e31bd0b42a3"
            ],
            "snapshot_arns": null,
            "snapshot_name": null,
            "snapshot_retention_limit": 0,
            "snapshot_window": "06:30-07:30",
            "subnet_group_name": "obligatorio-redis-subnet-group",
            "tags": null,
            "tags_all": {}
          },
          "sensitive_attributes": [],
          "private": "bnVsbA==",
          "dependencies": [
            "aws_elasticache_parameter_group.redis_parameter_group1",
            "aws_elasticache_subnet_group.redis_subnet_group",
            "aws_security_group.redis_sg"
          ]
        }
      ]
    },
    {
      "mode": "managed",
      "type": "aws_elasticache_parameter_group",
      "name": "redis_parameter_group1",
      "provider": "provider[\"registry.terraform.io/hashicorp/aws\"]",
      "instances": [
        {
          "schema_version": 0,
          "attributes": {
            "arn": "arn:aws:elasticache:us-east-1:750038500402:parametergroup:obligatorio-redis-parameter-group",
            "description": "Managed by Terraform",
            "family": "redis6.x",
            "id": "obligatorio-redis-parameter-group",
            "name": "obligatorio-redis-parameter-group",
            "parameter": [
              {
                "name": "cluster-enabled",
                "value": "no"
              }
            ],
            "tags": {},
            "tags_all": {}
          },
          "sensitive_attributes": [],
          "private": "bnVsbA=="
        }
      ]
    },
    {
      "mode": "managed",
      "type": "aws_elasticache_subnet_group",
      "name": "redis_subnet_group",
      "provider": "provider[\"registry.terraform.io/hashicorp/aws\"]",
      "instances": [
        {
          "schema_version": 0,
          "attributes": {
            "arn": "arn:aws:elasticache:us-east-1:750038500402:subnetgroup:obligatorio-redis-subnet-group",
            "description": "Managed by Terraform",
            "id": "obligatorio-redis-subnet-group",
            "name": "obligatorio-redis-subnet-group",
            "subnet_ids": [
              "subnet-028e8093a0a3bbbe9",
              "subnet-0a562a829612f14f0"
            ],
            "tags": {},
            "tags_all": {}
          },
          "sensitive_attributes": [],
          "private": "bnVsbA==",
          "dependencies": [
            "aws_subnet.obligatorio_private_subnet",
            "aws_subnet.obligatorio_private_subnet_2",
            "aws_vpc.vpc_obligatorio"
          ]
        }
      ]
    },
    {
      "mode": "managed",
      "type": "aws_instance",
      "name": "obligatorio_frontend",
      "provider": "provider[\"registry.terraform.io/hashicorp/aws\"]",
      "instances": []
    },
    {
      "mode": "managed",
      "type": "aws_internet_gateway",
      "name": "obligatorio_igw",
      "provider": "provider[\"registry.terraform.io/hashicorp/aws\"]",
      "instances": [
        {
          "schema_version": 0,
          "attributes": {
            "arn": "arn:aws:ec2:us-east-1:750038500402:internet-gateway/igw-00fd5a1b05b59ed98",
            "id": "igw-00fd5a1b05b59ed98",
            "owner_id": "750038500402",
            "tags": {
              "Name": "obligatorioc1-internet-gateway",
              "terraform": "True"
            },
            "tags_all": {
              "Name": "obligatorioc1-internet-gateway",
              "terraform": "True"
            },
            "timeouts": null,
            "vpc_id": "vpc-088513419c43f0ad6"
          },
          "sensitive_attributes": [],
          "private": "eyJlMmJmYjczMC1lY2FhLTExZTYtOGY4OC0zNDM2M2JjN2M0YzAiOnsiY3JlYXRlIjoxMjAwMDAwMDAwMDAwLCJkZWxldGUiOjEyMDAwMDAwMDAwMDAsInVwZGF0ZSI6MTIwMDAwMDAwMDAwMH19",
          "dependencies": [
            "aws_vpc.vpc_obligatorio"
          ]
        }
      ]
    },
    {
      "mode": "managed",
      "type": "aws_launch_template",
      "name": "obligatorio",
      "provider": "provider[\"registry.terraform.io/hashicorp/aws\"]",
      "instances": [
        {
          "schema_version": 0,
          "attributes": {
            "arn": "arn:aws:ec2:us-east-1:750038500402:launch-template/lt-0414e7a3507cb1263",
            "block_device_mappings": [],
            "capacity_reservation_specification": [],
            "cpu_options": [],
            "credit_specification": [],
            "default_version": 1,
            "description": "",
            "disable_api_stop": false,
            "disable_api_termination": false,
            "ebs_optimized": "",
            "elastic_gpu_specifications": [],
            "elastic_inference_accelerator": [],
            "enclave_options": [],
            "hibernation_options": [],
            "iam_instance_profile": [],
            "id": "lt-0414e7a3507cb1263",
            "image_id": "ami-03ededff12e34e59e",
            "instance_initiated_shutdown_behavior": "",
            "instance_market_options": [],
            "instance_requirements": [],
            "instance_type": "t2.micro",
            "kernel_id": "",
            "key_name": "",
            "latest_version": 1,
            "license_specification": [],
            "maintenance_options": [],
            "metadata_options": [],
            "monitoring": [],
            "name": "obligatorio-launch-template",
            "name_prefix": "",
            "network_interfaces": [],
            "placement": [],
            "private_dns_name_options": [],
            "ram_disk_id": "",
            "security_group_names": null,
            "tag_specifications": [],
            "tags": null,
            "tags_all": {},
            "update_default_version": null,
            "user_data": "",
            "vpc_security_group_ids": null
          },
          "sensitive_attributes": [],
          "private": "bnVsbA=="
        }
      ]
    },
    {
      "mode": "managed",
      "type": "aws_lb",
      "name": "obligatorio",
      "provider": "provider[\"registry.terraform.io/hashicorp/aws\"]",
      "instances": [
        {
          "schema_version": 0,
          "attributes": {
            "access_logs": [
              {
                "bucket": "",
                "enabled": false,
                "prefix": ""
              }
            ],
            "arn": "arn:aws:elasticloadbalancing:us-east-1:750038500402:loadbalancer/app/obligatorio-lb/6750e0d88ccd7829",
            "arn_suffix": "app/obligatorio-lb/6750e0d88ccd7829",
            "customer_owned_ipv4_pool": "",
            "desync_mitigation_mode": "defensive",
            "dns_name": "obligatorio-lb-599595291.us-east-1.elb.amazonaws.com",
            "drop_invalid_header_fields": false,
            "enable_cross_zone_load_balancing": true,
            "enable_deletion_protection": false,
            "enable_http2": true,
            "enable_tls_version_and_cipher_suite_headers": false,
            "enable_waf_fail_open": false,
            "enable_xff_client_port": false,
            "id": "arn:aws:elasticloadbalancing:us-east-1:750038500402:loadbalancer/app/obligatorio-lb/6750e0d88ccd7829",
            "idle_timeout": 60,
            "internal": false,
            "ip_address_type": "ipv4",
            "load_balancer_type": "application",
            "name": "obligatorio-lb",
            "name_prefix": null,
            "preserve_host_header": false,
            "security_groups": [
              "sg-0243cc329d9bd3034",
              "sg-0f7355121e77e5b9e"
            ],
            "subnet_mapping": [
              {
                "allocation_id": "",
                "ipv6_address": "",
                "outpost_id": "",
                "private_ipv4_address": "",
                "subnet_id": "subnet-06671010e32859740"
              },
              {
                "allocation_id": "",
                "ipv6_address": "",
                "outpost_id": "",
                "private_ipv4_address": "",
                "subnet_id": "subnet-0a8d19b2105e98e39"
              }
            ],
            "subnets": [
              "subnet-06671010e32859740",
              "subnet-0a8d19b2105e98e39"
            ],
            "tags": {
              "Name": "obligatorio-lb",
              "terraform": "True"
            },
            "tags_all": {
              "Name": "obligatorio-lb",
              "terraform": "True"
            },
            "timeouts": null,
            "vpc_id": "vpc-088513419c43f0ad6",
            "xff_header_processing_mode": "append",
            "zone_id": "Z35SXDOTRQ7X7K"
          },
          "sensitive_attributes": [],
          "private": "eyJlMmJmYjczMC1lY2FhLTExZTYtOGY4OC0zNDM2M2JjN2M0YzAiOnsiY3JlYXRlIjo2MDAwMDAwMDAwMDAsImRlbGV0ZSI6NjAwMDAwMDAwMDAwLCJ1cGRhdGUiOjYwMDAwMDAwMDAwMH19",
          "dependencies": [
            "aws_security_group.http_sg",
            "aws_security_group.ssh_sg",
            "aws_subnet.obligatorio_public_subnet",
            "aws_subnet.obligatorio_public_subnet2",
            "aws_vpc.vpc_obligatorio"
          ]
        }
      ]
    },
    {
      "mode": "managed",
      "type": "aws_lb_target_group",
      "name": "obligatorio",
      "provider": "provider[\"registry.terraform.io/hashicorp/aws\"]",
      "instances": [
        {
          "schema_version": 0,
          "attributes": {
            "arn": "arn:aws:elasticloadbalancing:us-east-1:750038500402:targetgroup/obligatorio-target-group/0b69bed5bffb279a",
            "arn_suffix": "targetgroup/obligatorio-target-group/0b69bed5bffb279a",
            "connection_termination": false,
            "deregistration_delay": "300",
            "health_check": [
              {
                "enabled": true,
                "healthy_threshold": 2,
                "interval": 30,
                "matcher": "200",
                "path": "/",
                "port": "traffic-port",
                "protocol": "HTTP",
                "timeout": 5,
                "unhealthy_threshold": 2
              }
            ],
            "id": "arn:aws:elasticloadbalancing:us-east-1:750038500402:targetgroup/obligatorio-target-group/0b69bed5bffb279a",
            "ip_address_type": "ipv4",
            "lambda_multi_value_headers_enabled": false,
            "load_balancing_algorithm_type": "round_robin",
            "load_balancing_cross_zone_enabled": "use_load_balancer_configuration",
            "name": "obligatorio-target-group",
            "name_prefix": null,
            "port": 80,
            "preserve_client_ip": null,
            "protocol": "HTTP",
            "protocol_version": "HTTP1",
            "proxy_protocol_v2": false,
            "slow_start": 0,
            "stickiness": [
              {
                "cookie_duration": 86400,
                "cookie_name": "",
                "enabled": false,
                "type": "lb_cookie"
              }
            ],
            "tags": null,
            "tags_all": {},
            "target_failover": [
              {
                "on_deregistration": null,
                "on_unhealthy": null
              }
            ],
            "target_type": "instance",
            "vpc_id": "vpc-088513419c43f0ad6"
          },
          "sensitive_attributes": [],
          "private": "bnVsbA==",
          "dependencies": [
            "aws_vpc.vpc_obligatorio"
          ]
        }
      ]
    },
    {
      "mode": "managed",
      "type": "aws_lb_target_group_attachment",
      "name": "obligatorio_frontend",
      "provider": "provider[\"registry.terraform.io/hashicorp/aws\"]",
      "instances": []
    },
    {
      "mode": "managed",
      "type": "aws_nat_gateway",
      "name": "nat_gateway",
      "provider": "provider[\"registry.terraform.io/hashicorp/aws\"]",
      "instances": [
        {
          "schema_version": 0,
          "attributes": {
            "allocation_id": "eipalloc-05666543872097778",
            "association_id": "eipassoc-08e022e0ee2b234aa",
            "connectivity_type": "public",
            "id": "nat-0c20e170524bf1410",
            "network_interface_id": "eni-0ed9a5c2df728c6a4",
            "private_ip": "10.0.1.106",
            "public_ip": "18.211.45.72",
            "subnet_id": "subnet-0a8d19b2105e98e39",
            "tags": {
              "Name": "nat-gateway",
              "terraform": "True"
            },
            "tags_all": {
              "Name": "nat-gateway",
              "terraform": "True"
            }
          },
          "sensitive_attributes": [],
          "private": "bnVsbA==",
          "dependencies": [
            "aws_eip.nat_gateway_eip",
            "aws_subnet.obligatorio_public_subnet"
          ]
        }
      ]
    },
    {
      "mode": "managed",
      "type": "aws_route",
      "name": "obligatorio_public_subnet_route",
      "provider": "provider[\"registry.terraform.io/hashicorp/aws\"]",
      "instances": [
        {
          "schema_version": 0,
          "attributes": {
            "carrier_gateway_id": "",
            "core_network_arn": "",
            "destination_cidr_block": "0.0.0.0/0",
            "destination_ipv6_cidr_block": "",
            "destination_prefix_list_id": "",
            "egress_only_gateway_id": "",
            "gateway_id": "igw-00fd5a1b05b59ed98",
            "id": "r-rtb-06dbd6976b5b209dc1080289494",
            "instance_id": "",
            "instance_owner_id": "",
            "local_gateway_id": "",
            "nat_gateway_id": "",
            "network_interface_id": "",
            "origin": "CreateRoute",
            "route_table_id": "rtb-06dbd6976b5b209dc",
            "state": "active",
            "timeouts": null,
            "transit_gateway_id": "",
            "vpc_endpoint_id": "",
            "vpc_peering_connection_id": ""
          },
          "sensitive_attributes": [],
          "private": "eyJlMmJmYjczMC1lY2FhLTExZTYtOGY4OC0zNDM2M2JjN2M0YzAiOnsiY3JlYXRlIjozMDAwMDAwMDAwMDAsImRlbGV0ZSI6MzAwMDAwMDAwMDAwLCJ1cGRhdGUiOjEyMDAwMDAwMDAwMH19",
          "dependencies": [
            "aws_internet_gateway.obligatorio_igw",
            "aws_route_table.obligatorio_route_table",
            "aws_vpc.vpc_obligatorio"
          ]
        }
      ]
    },
    {
      "mode": "managed",
      "type": "aws_route_table",
      "name": "obligatorio_route_table",
      "provider": "provider[\"registry.terraform.io/hashicorp/aws\"]",
      "instances": [
        {
          "schema_version": 0,
          "attributes": {
            "arn": "arn:aws:ec2:us-east-1:750038500402:route-table/rtb-06dbd6976b5b209dc",
            "id": "rtb-06dbd6976b5b209dc",
            "owner_id": "750038500402",
            "propagating_vgws": [],
            "route": [],
            "tags": {
              "Name": "obligatorio-route-table",
              "terraform": "True"
            },
            "tags_all": {
              "Name": "obligatorio-route-table",
              "terraform": "True"
            },
            "timeouts": null,
            "vpc_id": "vpc-088513419c43f0ad6"
          },
          "sensitive_attributes": [],
          "private": "eyJlMmJmYjczMC1lY2FhLTExZTYtOGY4OC0zNDM2M2JjN2M0YzAiOnsiY3JlYXRlIjozMDAwMDAwMDAwMDAsImRlbGV0ZSI6MzAwMDAwMDAwMDAwLCJ1cGRhdGUiOjEyMDAwMDAwMDAwMH19",
          "dependencies": [
            "aws_vpc.vpc_obligatorio"
          ]
        }
      ]
    },
    {
      "mode": "managed",
      "type": "aws_route_table_association",
      "name": "obligatorio_private_subnet_association",
      "provider": "provider[\"registry.terraform.io/hashicorp/aws\"]",
      "instances": [
        {
          "schema_version": 0,
          "attributes": {
            "gateway_id": "",
            "id": "rtbassoc-0ffe462bc26e1c3f8",
            "route_table_id": "rtb-06dbd6976b5b209dc",
            "subnet_id": "subnet-0a562a829612f14f0",
            "timeouts": null
          },
          "sensitive_attributes": [],
          "private": "eyJlMmJmYjczMC1lY2FhLTExZTYtOGY4OC0zNDM2M2JjN2M0YzAiOnsiY3JlYXRlIjozMDAwMDAwMDAwMDAsImRlbGV0ZSI6MzAwMDAwMDAwMDAwLCJ1cGRhdGUiOjEyMDAwMDAwMDAwMH19",
          "dependencies": [
            "aws_route_table.obligatorio_route_table",
            "aws_subnet.obligatorio_private_subnet",
            "aws_vpc.vpc_obligatorio"
          ]
        }
      ]
    },
    {
      "mode": "managed",
      "type": "aws_route_table_association",
      "name": "obligatorio_public_subnet_association",
      "provider": "provider[\"registry.terraform.io/hashicorp/aws\"]",
      "instances": [
        {
          "schema_version": 0,
          "attributes": {
            "gateway_id": "",
            "id": "rtbassoc-00f0b5381769e789d",
            "route_table_id": "rtb-06dbd6976b5b209dc",
            "subnet_id": "subnet-0a8d19b2105e98e39",
            "timeouts": null
          },
          "sensitive_attributes": [],
          "private": "eyJlMmJmYjczMC1lY2FhLTExZTYtOGY4OC0zNDM2M2JjN2M0YzAiOnsiY3JlYXRlIjozMDAwMDAwMDAwMDAsImRlbGV0ZSI6MzAwMDAwMDAwMDAwLCJ1cGRhdGUiOjEyMDAwMDAwMDAwMH19",
          "dependencies": [
            "aws_route_table.obligatorio_route_table",
            "aws_subnet.obligatorio_public_subnet",
            "aws_vpc.vpc_obligatorio"
          ]
        }
      ]
    },
    {
      "mode": "managed",
      "type": "aws_s3_bucket",
      "name": "obligatorio_bucket1",
      "provider": "provider[\"registry.terraform.io/hashicorp/aws\"]",
      "instances": [
        {
          "schema_version": 0,
          "attributes": {
            "acceleration_status": "",
            "acl": null,
            "arn": "arn:aws:s3:::obligatorio1",
            "bucket": "obligatorio1",
            "bucket_domain_name": "obligatorio1.s3.amazonaws.com",
            "bucket_prefix": "",
            "bucket_regional_domain_name": "obligatorio1.s3.us-east-1.amazonaws.com",
            "cors_rule": [],
            "force_destroy": false,
            "grant": [
              {
                "id": "66d9bb33486199abe9f7d732bb82e70ab9f4f3d6f5158cb7a6d1748b5d3db819",
                "permissions": [
                  "FULL_CONTROL"
                ],
                "type": "CanonicalUser",
                "uri": ""
              }
            ],
            "hosted_zone_id": "Z3AQBSTGFYJSTF",
            "id": "obligatorio1",
            "lifecycle_rule": [],
            "logging": [],
            "object_lock_configuration": [],
            "object_lock_enabled": false,
            "policy": "",
            "region": "us-east-1",
            "replication_configuration": [],
            "request_payer": "BucketOwner",
            "server_side_encryption_configuration": [
              {
                "rule": [
                  {
                    "apply_server_side_encryption_by_default": [
                      {
                        "kms_master_key_id": "",
                        "sse_algorithm": "AES256"
                      }
                    ],
                    "bucket_key_enabled": false
                  }
                ]
              }
            ],
            "tags": {
              "Name": "obligatorio-bucket1",
              "terraform": "True"
            },
            "tags_all": {
              "Name": "obligatorio-bucket1",
              "terraform": "True"
            },
            "timeouts": null,
            "versioning": [
              {
                "enabled": false,
                "mfa_delete": false
              }
            ],
            "website": [],
            "website_domain": null,
            "website_endpoint": null
          },
          "sensitive_attributes": [],
          "private": "eyJlMmJmYjczMC1lY2FhLTExZTYtOGY4OC0zNDM2M2JjN2M0YzAiOnsiY3JlYXRlIjoxMjAwMDAwMDAwMDAwLCJkZWxldGUiOjM2MDAwMDAwMDAwMDAsInJlYWQiOjEyMDAwMDAwMDAwMDAsInVwZGF0ZSI6MTIwMDAwMDAwMDAwMH19"
        }
      ]
    },
    {
      "mode": "managed",
      "type": "aws_security_group",
      "name": "db_sg",
      "provider": "provider[\"registry.terraform.io/hashicorp/aws\"]",
      "instances": [
        {
          "schema_version": 1,
          "attributes": {
            "arn": "arn:aws:ec2:us-east-1:750038500402:security-group/sg-064154475d8732e3b",
            "description": "Security group for RDSzsdatabase",
            "egress": [],
            "id": "sg-064154475d8732e3b",
            "ingress": [
              {
                "cidr_blocks": [],
                "description": "",
                "from_port": 3306,
                "ipv6_cidr_blocks": [],
                "prefix_list_ids": [],
                "protocol": "tcp",
                "security_groups": [
                  "sg-0f7355121e77e5b9e"
                ],
                "self": false,
                "to_port": 3306
              }
            ],
            "name": "grupo-seguridad-db",
            "name_prefix": "",
            "owner_id": "750038500402",
            "revoke_rules_on_delete": false,
            "tags": {
              "Name": "grupo-seguridad-db",
              "terraform": "True"
            },
            "tags_all": {
              "Name": "grupo-seguridad-db",
              "terraform": "True"
            },
            "timeouts": null,
            "vpc_id": "vpc-088513419c43f0ad6"
          },
          "sensitive_attributes": [],
          "private": "eyJlMmJmYjczMC1lY2FhLTExZTYtOGY4OC0zNDM2M2JjN2M0YzAiOnsiY3JlYXRlIjo2MDAwMDAwMDAwMDAsImRlbGV0ZSI6OTAwMDAwMDAwMDAwfSwic2NoZW1hX3ZlcnNpb24iOiIxIn0=",
          "dependencies": [
            "aws_security_group.http_sg",
            "aws_vpc.vpc_obligatorio"
          ]
        }
      ]
    },
    {
      "mode": "managed",
      "type": "aws_security_group",
      "name": "eks_cluster_sg",
      "provider": "provider[\"registry.terraform.io/hashicorp/aws\"]",
      "instances": [
        {
          "schema_version": 1,
          "attributes": {
            "arn": "arn:aws:ec2:us-east-1:750038500402:security-group/sg-0e121b9e79e57f6d4",
            "description": "Security group for EKS cluster",
            "egress": [
              {
                "cidr_blocks": [
                  "0.0.0.0/0"
                ],
                "description": "",
                "from_port": 22,
                "ipv6_cidr_blocks": [],
                "prefix_list_ids": [],
                "protocol": "tcp",
                "security_groups": [],
                "self": false,
                "to_port": 22
              }
            ],
            "id": "sg-0e121b9e79e57f6d4",
            "ingress": [
              {
                "cidr_blocks": [
                  "0.0.0.0/0"
                ],
                "description": "",
                "from_port": 22,
                "ipv6_cidr_blocks": [],
                "prefix_list_ids": [],
                "protocol": "tcp",
                "security_groups": [],
                "self": false,
                "to_port": 22
              },
              {
                "cidr_blocks": [
                  "0.0.0.0/0"
                ],
                "description": "",
                "from_port": 443,
                "ipv6_cidr_blocks": [],
                "prefix_list_ids": [],
                "protocol": "tcp",
                "security_groups": [],
                "self": false,
                "to_port": 443
              }
            ],
            "name": "eks-cluster-sg",
            "name_prefix": "",
            "owner_id": "750038500402",
            "revoke_rules_on_delete": false,
            "tags": null,
            "tags_all": {},
            "timeouts": null,
            "vpc_id": "vpc-088513419c43f0ad6"
          },
          "sensitive_attributes": [],
          "private": "eyJlMmJmYjczMC1lY2FhLTExZTYtOGY4OC0zNDM2M2JjN2M0YzAiOnsiY3JlYXRlIjo2MDAwMDAwMDAwMDAsImRlbGV0ZSI6OTAwMDAwMDAwMDAwfSwic2NoZW1hX3ZlcnNpb24iOiIxIn0=",
          "dependencies": [
            "aws_vpc.vpc_obligatorio"
          ]
        }
      ]
    },
    {
      "mode": "managed",
      "type": "aws_security_group",
      "name": "http_sg",
      "provider": "provider[\"registry.terraform.io/hashicorp/aws\"]",
      "instances": [
        {
          "schema_version": 1,
          "attributes": {
            "arn": "arn:aws:ec2:us-east-1:750038500402:security-group/sg-0f7355121e77e5b9e",
            "description": "Security group for HTTP traffic",
            "egress": [
              {
                "cidr_blocks": [
                  "0.0.0.0/0"
                ],
                "description": "",
                "from_port": 0,
                "ipv6_cidr_blocks": [],
                "prefix_list_ids": [],
                "protocol": "-1",
                "security_groups": [],
                "self": false,
                "to_port": 0
              }
            ],
            "id": "sg-0f7355121e77e5b9e",
            "ingress": [
              {
                "cidr_blocks": [
                  "0.0.0.0/0"
                ],
                "description": "",
                "from_port": 22,
                "ipv6_cidr_blocks": [],
                "prefix_list_ids": [],
                "protocol": "tcp",
                "security_groups": [],
                "self": false,
                "to_port": 22
              },
              {
                "cidr_blocks": [
                  "0.0.0.0/0"
                ],
                "description": "",
                "from_port": 80,
                "ipv6_cidr_blocks": [],
                "prefix_list_ids": [],
                "protocol": "tcp",
                "security_groups": [],
                "self": false,
                "to_port": 80
              }
            ],
            "name": "grupo-seguridad-http",
            "name_prefix": "",
            "owner_id": "750038500402",
            "revoke_rules_on_delete": false,
            "tags": {
              "Name": "grupo-seguridad-http",
              "terraform": "True"
            },
            "tags_all": {
              "Name": "grupo-seguridad-http",
              "terraform": "True"
            },
            "timeouts": null,
            "vpc_id": "vpc-088513419c43f0ad6"
          },
          "sensitive_attributes": [],
          "private": "eyJlMmJmYjczMC1lY2FhLTExZTYtOGY4OC0zNDM2M2JjN2M0YzAiOnsiY3JlYXRlIjo2MDAwMDAwMDAwMDAsImRlbGV0ZSI6OTAwMDAwMDAwMDAwfSwic2NoZW1hX3ZlcnNpb24iOiIxIn0=",
          "dependencies": [
            "aws_vpc.vpc_obligatorio"
          ]
        }
      ]
    },
    {
      "mode": "managed",
      "type": "aws_security_group",
      "name": "redis_sg",
      "provider": "provider[\"registry.terraform.io/hashicorp/aws\"]",
      "instances": [
        {
          "schema_version": 1,
          "attributes": {
            "arn": "arn:aws:ec2:us-east-1:750038500402:security-group/sg-0f5e61e31bd0b42a3",
            "description": "Security group for Redis",
            "egress": [],
            "id": "sg-0f5e61e31bd0b42a3",
            "ingress": [
              {
                "cidr_blocks": [
                  "0.0.0.0/0"
                ],
                "description": "",
                "from_port": 6379,
                "ipv6_cidr_blocks": [],
                "prefix_list_ids": [],
                "protocol": "tcp",
                "security_groups": [],
                "self": false,
                "to_port": 6379
              }
            ],
            "name": "obligatorio-redis-sg",
            "name_prefix": "",
            "owner_id": "750038500402",
            "revoke_rules_on_delete": false,
            "tags": {},
            "tags_all": {},
            "timeouts": null,
            "vpc_id": "vpc-088513419c43f0ad6"
          },
          "sensitive_attributes": [],
          "private": "eyJlMmJmYjczMC1lY2FhLTExZTYtOGY4OC0zNDM2M2JjN2M0YzAiOnsiY3JlYXRlIjo2MDAwMDAwMDAwMDAsImRlbGV0ZSI6OTAwMDAwMDAwMDAwfSwic2NoZW1hX3ZlcnNpb24iOiIxIn0=",
          "dependencies": [
            "aws_vpc.vpc_obligatorio"
          ]
        }
      ]
    },
    {
      "mode": "managed",
      "type": "aws_security_group",
      "name": "s3_access_sg",
      "provider": "provider[\"registry.terraform.io/hashicorp/aws\"]",
      "instances": [
        {
          "schema_version": 1,
          "attributes": {
            "arn": "arn:aws:ec2:us-east-1:750038500402:security-group/sg-02b3f1978d1752efe",
            "description": "Security group for S3 bucket access",
            "egress": [
              {
                "cidr_blocks": [
                  "0.0.0.0/0"
                ],
                "description": "",
                "from_port": 0,
                "ipv6_cidr_blocks": [],
                "prefix_list_ids": [],
                "protocol": "-1",
                "security_groups": [],
                "self": false,
                "to_port": 0
              }
            ],
            "id": "sg-02b3f1978d1752efe",
            "ingress": [
              {
                "cidr_blocks": [
                  "0.0.0.0/0"
                ],
                "description": "",
                "from_port": 80,
                "ipv6_cidr_blocks": [],
                "prefix_list_ids": [],
                "protocol": "tcp",
                "security_groups": [],
                "self": false,
                "to_port": 80
              }
            ],
            "name": "grupo-seguridad-s3-access",
            "name_prefix": "",
            "owner_id": "750038500402",
            "revoke_rules_on_delete": false,
            "tags": {
              "Name": "grupo-seguridad-s3-access",
              "terraform": "True"
            },
            "tags_all": {
              "Name": "grupo-seguridad-s3-access",
              "terraform": "True"
            },
            "timeouts": null,
            "vpc_id": "vpc-07db88f683ea9ea79"
          },
          "sensitive_attributes": [],
          "private": "eyJlMmJmYjczMC1lY2FhLTExZTYtOGY4OC0zNDM2M2JjN2M0YzAiOnsiY3JlYXRlIjo2MDAwMDAwMDAwMDAsImRlbGV0ZSI6OTAwMDAwMDAwMDAwfSwic2NoZW1hX3ZlcnNpb24iOiIxIn0="
        }
      ]
    },
    {
      "mode": "managed",
      "type": "aws_security_group",
      "name": "ssh_sg",
      "provider": "provider[\"registry.terraform.io/hashicorp/aws\"]",
      "instances": [
        {
          "schema_version": 1,
          "attributes": {
            "arn": "arn:aws:ec2:us-east-1:750038500402:security-group/sg-0243cc329d9bd3034",
            "description": "Security group for SSH traffic",
            "egress": [
              {
                "cidr_blocks": [
                  "0.0.0.0/0"
                ],
                "description": "",
                "from_port": 0,
                "ipv6_cidr_blocks": [],
                "prefix_list_ids": [],
                "protocol": "-1",
                "security_groups": [],
                "self": false,
                "to_port": 0
              }
            ],
            "id": "sg-0243cc329d9bd3034",
            "ingress": [
              {
                "cidr_blocks": [
                  "0.0.0.0/0"
                ],
                "description": "",
                "from_port": 22,
                "ipv6_cidr_blocks": [],
                "prefix_list_ids": [],
                "protocol": "tcp",
                "security_groups": [],
                "self": false,
                "to_port": 22
              }
            ],
            "name": "grupo-seguridad-ssh",
            "name_prefix": "",
            "owner_id": "750038500402",
            "revoke_rules_on_delete": false,
            "tags": {
              "Name": "grupo-seguridad-ssh",
              "terraform": "True"
            },
            "tags_all": {
              "Name": "grupo-seguridad-ssh",
              "terraform": "True"
            },
            "timeouts": null,
            "vpc_id": "vpc-088513419c43f0ad6"
          },
          "sensitive_attributes": [],
          "private": "eyJlMmJmYjczMC1lY2FhLTExZTYtOGY4OC0zNDM2M2JjN2M0YzAiOnsiY3JlYXRlIjo2MDAwMDAwMDAwMDAsImRlbGV0ZSI6OTAwMDAwMDAwMDAwfSwic2NoZW1hX3ZlcnNpb24iOiIxIn0=",
          "dependencies": [
            "aws_vpc.vpc_obligatorio"
          ]
        }
      ]
    },
    {
      "mode": "managed",
      "type": "aws_subnet",
      "name": "obligatorio_private_subnet",
      "provider": "provider[\"registry.terraform.io/hashicorp/aws\"]",
      "instances": [
        {
          "schema_version": 1,
          "attributes": {
            "arn": "arn:aws:ec2:us-east-1:750038500402:subnet/subnet-0a562a829612f14f0",
            "assign_ipv6_address_on_creation": false,
            "availability_zone": "us-east-1a",
            "availability_zone_id": "use1-az2",
            "cidr_block": "10.0.2.0/24",
            "customer_owned_ipv4_pool": "",
            "enable_dns64": false,
            "enable_lni_at_device_index": 0,
            "enable_resource_name_dns_a_record_on_launch": false,
            "enable_resource_name_dns_aaaa_record_on_launch": false,
            "id": "subnet-0a562a829612f14f0",
            "ipv6_cidr_block": "",
            "ipv6_cidr_block_association_id": "",
            "ipv6_native": false,
            "map_customer_owned_ip_on_launch": false,
            "map_public_ip_on_launch": true,
            "outpost_arn": "",
            "owner_id": "750038500402",
            "private_dns_hostname_type_on_launch": "ip-name",
            "tags": {
              "Name": "obligatorio-private-subnet",
              "terraform": "True"
            },
            "tags_all": {
              "Name": "obligatorio-private-subnet",
              "terraform": "True"
            },
            "timeouts": null,
            "vpc_id": "vpc-088513419c43f0ad6"
          },
          "sensitive_attributes": [],
          "private": "eyJlMmJmYjczMC1lY2FhLTExZTYtOGY4OC0zNDM2M2JjN2M0YzAiOnsiY3JlYXRlIjo2MDAwMDAwMDAwMDAsImRlbGV0ZSI6MTIwMDAwMDAwMDAwMH0sInNjaGVtYV92ZXJzaW9uIjoiMSJ9",
          "dependencies": [
            "aws_vpc.vpc_obligatorio"
          ]
        }
      ]
    },
    {
      "mode": "managed",
      "type": "aws_subnet",
      "name": "obligatorio_private_subnet_2",
      "provider": "provider[\"registry.terraform.io/hashicorp/aws\"]",
      "instances": [
        {
          "schema_version": 1,
          "attributes": {
            "arn": "arn:aws:ec2:us-east-1:750038500402:subnet/subnet-028e8093a0a3bbbe9",
            "assign_ipv6_address_on_creation": false,
            "availability_zone": "us-east-1b",
            "availability_zone_id": "use1-az4",
            "cidr_block": "10.0.3.0/24",
            "customer_owned_ipv4_pool": "",
            "enable_dns64": false,
            "enable_lni_at_device_index": 0,
            "enable_resource_name_dns_a_record_on_launch": false,
            "enable_resource_name_dns_aaaa_record_on_launch": false,
            "id": "subnet-028e8093a0a3bbbe9",
            "ipv6_cidr_block": "",
            "ipv6_cidr_block_association_id": "",
            "ipv6_native": false,
            "map_customer_owned_ip_on_launch": false,
            "map_public_ip_on_launch": true,
            "outpost_arn": "",
            "owner_id": "750038500402",
            "private_dns_hostname_type_on_launch": "ip-name",
            "tags": {
              "Name": "obligatorio-private-subnet-2",
              "terraform": "True"
            },
            "tags_all": {
              "Name": "obligatorio-private-subnet-2",
              "terraform": "True"
            },
            "timeouts": null,
            "vpc_id": "vpc-088513419c43f0ad6"
          },
          "sensitive_attributes": [],
          "private": "eyJlMmJmYjczMC1lY2FhLTExZTYtOGY4OC0zNDM2M2JjN2M0YzAiOnsiY3JlYXRlIjo2MDAwMDAwMDAwMDAsImRlbGV0ZSI6MTIwMDAwMDAwMDAwMH0sInNjaGVtYV92ZXJzaW9uIjoiMSJ9",
          "dependencies": [
            "aws_vpc.vpc_obligatorio"
          ]
        }
      ]
    },
    {
      "mode": "managed",
      "type": "aws_subnet",
      "name": "obligatorio_public_subnet",
      "provider": "provider[\"registry.terraform.io/hashicorp/aws\"]",
      "instances": [
        {
          "schema_version": 1,
          "attributes": {
            "arn": "arn:aws:ec2:us-east-1:750038500402:subnet/subnet-0a8d19b2105e98e39",
            "assign_ipv6_address_on_creation": false,
            "availability_zone": "us-east-1a",
            "availability_zone_id": "use1-az2",
            "cidr_block": "10.0.1.0/24",
            "customer_owned_ipv4_pool": "",
            "enable_dns64": false,
            "enable_lni_at_device_index": 0,
            "enable_resource_name_dns_a_record_on_launch": false,
            "enable_resource_name_dns_aaaa_record_on_launch": false,
            "id": "subnet-0a8d19b2105e98e39",
            "ipv6_cidr_block": "",
            "ipv6_cidr_block_association_id": "",
            "ipv6_native": false,
            "map_customer_owned_ip_on_launch": false,
            "map_public_ip_on_launch": true,
            "outpost_arn": "",
            "owner_id": "750038500402",
            "private_dns_hostname_type_on_launch": "ip-name",
            "tags": {
              "Name": "obligatorio-public-subnet",
              "terraform": "True"
            },
            "tags_all": {
              "Name": "obligatorio-public-subnet",
              "terraform": "True"
            },
            "timeouts": null,
            "vpc_id": "vpc-088513419c43f0ad6"
          },
          "sensitive_attributes": [],
          "private": "eyJlMmJmYjczMC1lY2FhLTExZTYtOGY4OC0zNDM2M2JjN2M0YzAiOnsiY3JlYXRlIjo2MDAwMDAwMDAwMDAsImRlbGV0ZSI6MTIwMDAwMDAwMDAwMH0sInNjaGVtYV92ZXJzaW9uIjoiMSJ9",
          "dependencies": [
            "aws_vpc.vpc_obligatorio"
          ]
        }
      ]
    },
    {
      "mode": "managed",
      "type": "aws_subnet",
      "name": "obligatorio_public_subnet2",
      "provider": "provider[\"registry.terraform.io/hashicorp/aws\"]",
      "instances": [
        {
          "schema_version": 1,
          "attributes": {
            "arn": "arn:aws:ec2:us-east-1:750038500402:subnet/subnet-06671010e32859740",
            "assign_ipv6_address_on_creation": false,
            "availability_zone": "us-east-1b",
            "availability_zone_id": "use1-az4",
            "cidr_block": "10.0.4.0/24",
            "customer_owned_ipv4_pool": "",
            "enable_dns64": false,
            "enable_lni_at_device_index": 0,
            "enable_resource_name_dns_a_record_on_launch": false,
            "enable_resource_name_dns_aaaa_record_on_launch": false,
            "id": "subnet-06671010e32859740",
            "ipv6_cidr_block": "",
            "ipv6_cidr_block_association_id": "",
            "ipv6_native": false,
            "map_customer_owned_ip_on_launch": false,
            "map_public_ip_on_launch": true,
            "outpost_arn": "",
            "owner_id": "750038500402",
            "private_dns_hostname_type_on_launch": "ip-name",
            "tags": {
              "Name": "obligatorio-public-subnet2",
              "terraform": "True"
            },
            "tags_all": {
              "Name": "obligatorio-public-subnet2",
              "terraform": "True"
            },
            "timeouts": null,
            "vpc_id": "vpc-088513419c43f0ad6"
          },
          "sensitive_attributes": [],
          "private": "eyJlMmJmYjczMC1lY2FhLTExZTYtOGY4OC0zNDM2M2JjN2M0YzAiOnsiY3JlYXRlIjo2MDAwMDAwMDAwMDAsImRlbGV0ZSI6MTIwMDAwMDAwMDAwMH0sInNjaGVtYV92ZXJzaW9uIjoiMSJ9",
          "dependencies": [
            "aws_vpc.vpc_obligatorio"
          ]
        }
      ]
    },
    {
      "mode": "managed",
      "type": "aws_vpc",
      "name": "vpc_obligatorio",
      "provider": "provider[\"registry.terraform.io/hashicorp/aws\"]",
      "instances": [
        {
          "schema_version": 1,
          "attributes": {
            "arn": "arn:aws:ec2:us-east-1:750038500402:vpc/vpc-088513419c43f0ad6",
            "assign_generated_ipv6_cidr_block": false,
            "cidr_block": "10.0.0.0/16",
            "default_network_acl_id": "acl-05d976bd5df6f824d",
            "default_route_table_id": "rtb-06142e7e3c55e7ed0",
            "default_security_group_id": "sg-04c8401c2fea45157",
            "dhcp_options_id": "dopt-00ef245821013f271",
            "enable_dns_hostnames": false,
            "enable_dns_support": true,
            "enable_network_address_usage_metrics": false,
            "id": "vpc-088513419c43f0ad6",
            "instance_tenancy": "default",
            "ipv4_ipam_pool_id": null,
            "ipv4_netmask_length": null,
            "ipv6_association_id": "",
            "ipv6_cidr_block": "",
            "ipv6_cidr_block_network_border_group": "",
            "ipv6_ipam_pool_id": "",
            "ipv6_netmask_length": 0,
            "main_route_table_id": "rtb-06142e7e3c55e7ed0",
            "owner_id": "750038500402",
            "tags": {
              "Name": "obligatorio-vpc",
              "terraform": "True"
            },
            "tags_all": {
              "Name": "obligatorio-vpc",
              "terraform": "True"
            }
          },
          "sensitive_attributes": [],
          "private": "eyJzY2hlbWFfdmVyc2lvbiI6IjEifQ=="
        }
      ]
    },
    {
      "mode": "managed",
      "type": "kubernetes_persistent_volume_claim",
      "name": "obligatorio_pvc",
      "provider": "provider[\"registry.terraform.io/hashicorp/kubernetes\"]",
      "instances": []
    }
  ],
  "check_results": null
}
