{
  "version": 4,
  "terraform_version": "1.5.1",
  "serial": 1219,
  "lineage": "a922ccea-f5cf-39bd-de92-37b85d4fb66f",
  "outputs": {
    "db_sg_id": {
      "value": "sg-064154475d8732e3b",
      "type": "string"
    },
    "frontend_instance_id": {
      "value": "i-0eb354fd801e0dc7c",
      "type": "string"
    },
    "frontend_ip": {
      "value": "52.54.254.122",
      "type": "string"
    },
    "http_sg_id": {
      "value": "sg-0f7355121e77e5b9e",
      "type": "string"
    },
    "nat_gateway_eip_ids": {
      "value": [
        "eipalloc-05666543872097778"
      ],
      "type": [
        "tuple",
        [
          "string"
        ]
      ]
    },
    "nat_gateway_ids": {
      "value": [
        "nat-0d06762229385ddb8"
      ],
      "type": [
        "tuple",
        [
          "string"
        ]
      ]
    },
    "private_subnet_2_id": {
      "value": "subnet-028e8093a0a3bbbe9",
      "type": "string"
    },
    "private_subnet_id": {
      "value": "subnet-0a562a829612f14f0",
      "type": "string"
    },
    "public_subnet_cidr2": {
      "value": "10.0.4.0/24",
      "type": "string"
    },
    "public_subnet_id": {
      "value": "subnet-0a8d19b2105e98e39",
      "type": "string"
    },
    "s3_bucket_url": {
      "value": "http://obligatorio1.s3-website-us-east-1.amazonaws.com",
      "type": "string"
    },
    "ssh_sg_id": {
      "value": "sg-083e9de475cfc205b",
      "type": "string"
    },
    "target_group_attachment_id": {
      "value": "arn:aws:elasticloadbalancing:us-east-1:750038500402:targetgroup/obligatorio-target-group/0fd885a7ba0e2517-20230625183707991100000004",
      "type": "string"
    },
    "vpc_id": {
      "value": "vpc-088513419c43f0ad6",
      "type": "string"
    }
  },
  "resources": [
    {
      "mode": "data",
      "type": "aws_iam_role",
      "name": "labrole-arn",
      "provider": "provider[\"registry.terraform.io/hashicorp/aws\"]",
      "instances": [
        {
          "schema_version": 0,
          "attributes": {
            "arn": "arn:aws:iam::750038500402:role/LabRole",
            "assume_role_policy": "{\"Version\":\"2012-10-17\",\"Statement\":[{\"Effect\":\"Allow\",\"Principal\":{\"Service\":[\"apigateway.amazonaws.com\",\"deepracer.amazonaws.com\",\"sagemaker.amazonaws.com\",\"states.amazonaws.com\",\"autoscaling.amazonaws.com\",\"quicksight.amazonaws.com\",\"resource-groups.amazonaws.com\",\"eks-fargate-pods.amazonaws.com\",\"ec2.application-autoscaling.amazonaws.com\",\"cognito-idp.amazonaws.com\",\"kms.amazonaws.com\",\"backup.amazonaws.com\",\"cloudformation.amazonaws.com\",\"batch.amazonaws.com\",\"scheduler.amazonaws.com\",\"s3.amazonaws.com\",\"kinesis.amazonaws.com\",\"robomaker.amazonaws.com\",\"databrew.amazonaws.com\",\"secretsmanager.amazonaws.com\",\"events.amazonaws.com\",\"ssm.amazonaws.com\",\"kendra.amazonaws.com\",\"elasticbeanstalk.amazonaws.com\",\"dynamodb.amazonaws.com\",\"codecommit.amazonaws.com\",\"kinesisanalytics.amazonaws.com\",\"logs.amazonaws.com\",\"storagegateway.amazonaws.com\",\"elasticmapreduce.amazonaws.com\",\"glue.amazonaws.com\",\"firehose.amazonaws.com\",\"iotevents.amazonaws.com\",\"cloudtrail.amazonaws.com\",\"ec2.amazonaws.com\",\"credentials.iot.amazonaws.com\",\"eks.amazonaws.com\",\"elasticfilesystem.amazonaws.com\",\"application-autoscaling.amazonaws.com\",\"ecs-tasks.amazonaws.com\",\"elasticloadbalancing.amazonaws.com\",\"cloud9.amazonaws.com\",\"sns.amazonaws.com\",\"iotanalytics.amazonaws.com\",\"redshift.amazonaws.com\",\"servicecatalog.amazonaws.com\",\"rds.amazonaws.com\",\"sqs.amazonaws.com\",\"codedeploy.amazonaws.com\",\"lex.amazonaws.com\",\"datapipeline.amazonaws.com\",\"forecast.amazonaws.com\",\"rekognition.amazonaws.com\",\"lambda.amazonaws.com\",\"iot.amazonaws.com\",\"athena.amazonaws.com\",\"cloudfront.amazonaws.com\",\"personalize.amazonaws.com\"]},\"Action\":\"sts:AssumeRole\"}]}",
            "create_date": "2023-06-25T14:38:19Z",
            "description": "",
            "id": "LabRole",
            "max_session_duration": 3600,
            "name": "LabRole",
            "path": "/",
            "permissions_boundary": "",
            "role_last_used": [
              {
                "last_used_date": "2023-06-25T17:56:12Z",
                "region": "us-east-1"
              }
            ],
            "tags": {
              "cloudlab": "c77595a1603022l4123704t1w750038500402"
            },
            "unique_id": "AROA25IOHIQZB5M2YWVIC"
          },
          "sensitive_attributes": []
        }
      ]
    },
    {
      "mode": "managed",
      "type": "aws_db_subnet_group",
      "name": "obligatorio_db_subnet_group",
      "provider": "provider[\"registry.terraform.io/hashicorp/aws\"]",
      "instances": [
        {
          "schema_version": 0,
          "attributes": {
            "arn": "arn:aws:rds:us-east-1:750038500402:subgrp:obligatorio-db-subnet-group",
            "description": "DB subnet group for AC1 project",
            "id": "obligatorio-db-subnet-group",
            "name": "obligatorio-db-subnet-group",
            "name_prefix": "",
            "subnet_ids": [
              "subnet-028e8093a0a3bbbe9",
              "subnet-0a562a829612f14f0"
            ],
            "supported_network_types": [
              "IPV4"
            ],
            "tags": {},
            "tags_all": {},
            "vpc_id": "vpc-088513419c43f0ad6"
          },
          "sensitive_attributes": [],
          "private": "bnVsbA==",
          "dependencies": [
            "aws_subnet.obligatorio_private_subnet",
            "aws_subnet.obligatorio_private_subnet_2",
            "aws_vpc.vpc_obligatorio"
          ]
        }
      ]
    },
    {
      "mode": "managed",
      "type": "aws_eip",
      "name": "nat_gateway_eip",
      "provider": "provider[\"registry.terraform.io/hashicorp/aws\"]",
      "instances": [
        {
          "schema_version": 0,
          "attributes": {
            "address": null,
            "allocation_id": "eipalloc-05666543872097778",
            "associate_with_private_ip": null,
            "association_id": "",
            "carrier_ip": "",
            "customer_owned_ip": "",
            "customer_owned_ipv4_pool": "",
            "domain": "vpc",
            "id": "eipalloc-05666543872097778",
            "instance": "",
            "network_border_group": "us-east-1",
            "network_interface": "",
            "private_dns": "ip-10-0-1-106.ec2.internal",
            "private_ip": "",
            "public_dns": "ec2-18-211-45-72.compute-1.amazonaws.com",
            "public_ip": "18.211.45.72",
            "public_ipv4_pool": "amazon",
            "tags": {},
            "tags_all": {},
            "timeouts": null,
            "vpc": true
          },
          "sensitive_attributes": [],
          "private": "eyJlMmJmYjczMC1lY2FhLTExZTYtOGY4OC0zNDM2M2JjN2M0YzAiOnsiZGVsZXRlIjoxODAwMDAwMDAwMDAsInJlYWQiOjkwMDAwMDAwMDAwMCwidXBkYXRlIjozMDAwMDAwMDAwMDB9fQ=="
        }
      ]
    },
    {
      "mode": "managed",
      "type": "aws_eks_cluster",
      "name": "obligatorio_cluster",
      "provider": "provider[\"registry.terraform.io/hashicorp/aws\"]",
      "instances": [
        {
          "schema_version": 0,
          "attributes": {
            "arn": "arn:aws:eks:us-east-1:750038500402:cluster/obligatorio-cluster",
            "certificate_authority": [
              {
                "data": "LS0tLS1CRUdJTiBDRVJUSUZJQ0FURS0tLS0tCk1JSUMvakNDQWVhZ0F3SUJBZ0lCQURBTkJna3Foa2lHOXcwQkFRc0ZBREFWTVJNd0VRWURWUVFERXdwcmRXSmwKY201bGRHVnpNQjRYRFRJek1EWXlOVEU0TVRZeE1Gb1hEVE16TURZeU1qRTRNVFl4TUZvd0ZURVRNQkVHQTFVRQpBeE1LYTNWaVpYSnVaWFJsY3pDQ0FTSXdEUVlKS29aSWh2Y05BUUVCQlFBRGdnRVBBRENDQVFvQ2dnRUJBTWpUCmxzVEd4UGk2SjBRbWxZWDRrVmh1ZTBZRjdYWFUzdXJYa2c3MGY2QmZNa0hxNm9IbUMxaVRmNzdKQzFpZXExdTAKbnRYKzl2U0FNd0xLSlRyWERESXlVK1V3eU5CUWxBNHMvREZiOG9iR1YwaHJ0SVc2NjNUMDM2alNwRkEwS1A1YQpoMG4xTStLQnRkU2ZtT2RpZGhFMkg3WWZQNnQ3S2YrWmxCa29xVXFoWm9TQzVWeUNkZTVQMFhBOTk4TjlLTGpYClhjQjNmeTZWSEtOWnhObklpdGZIa29UTlY4Ync5MmVTVnFKaXNPR1I1cURBdVVXYVlOYldHbS9GY2Vscy9wWTcKelRGY0xjbmNkMkxEbGx5RENJVzNvNmRvVEdiNVJiczZIZ0tyK3VEN3lqcGhBbTRHMzlBNmN0WjZ6WWRxR0JjZApQeDQ4d04zeFBiaURWWWkzNXNjQ0F3RUFBYU5aTUZjd0RnWURWUjBQQVFIL0JBUURBZ0trTUE4R0ExVWRFd0VCCi93UUZNQU1CQWY4d0hRWURWUjBPQkJZRUZQSWt6b1pCWVBlS2grV1M0Nk8vV1VtK2hYQjNNQlVHQTFVZEVRUU8KTUF5Q0NtdDFZbVZ5Ym1WMFpYTXdEUVlKS29aSWh2Y05BUUVMQlFBRGdnRUJBRlA0TTBmOFA4cFhlWjMwR1pxcAo3YXdTdVBxcEZZYUFlNEdPdjJrMitiQVk1NmpjYVB1S0ZYNlBMbHY1OWJkN2svK3hyT0JXRXNFcGt2a3U1bC82ClEwTW5NakpNdGNEdUJ6a2J3b3RNenZzU0tQQWNTQ1VLYytqWW5Ld1k2VGpMVm9lSWNLbVQ2amZHMkl6WnZKTDcKRzBQOUpNSXZrY3pqUVlZcnZDdWtDQzBXcTNrd3d2YTNoTmlGOHpuU2VhZU1qZmxDNkhvV3k2NGk3eU9xTXk3ZQo0K2VIUlFGQXZVbFJNWjBxK3NqRHE2SFBIbEtCcUlIY2pQT2djNFpTaUs5TmtKS3RZd1RKbzJKeHBVSGoya0QxCkl6S20wcHdFMEF3c0hQaTZZYm9WZWZMSjVJczhQM1ZQb0RJblNUNERUazY2MkhZYVlES054NHNuUjBFZHhWby8KcWc4PQotLS0tLUVORCBDRVJUSUZJQ0FURS0tLS0tCg=="
              }
            ],
            "cluster_id": null,
            "created_at": "2023-06-25 18:10:37.715 +0000 UTC",
            "enabled_cluster_log_types": [],
            "encryption_config": [],
            "endpoint": "https://3E853F9489CF3E2066D4DF32F3840085.gr7.us-east-1.eks.amazonaws.com",
            "id": "obligatorio-cluster",
            "identity": [
              {
                "oidc": [
                  {
                    "issuer": "https://oidc.eks.us-east-1.amazonaws.com/id/3E853F9489CF3E2066D4DF32F3840085"
                  }
                ]
              }
            ],
            "kubernetes_network_config": [
              {
                "ip_family": "ipv4",
                "service_ipv4_cidr": "172.20.0.0/16",
                "service_ipv6_cidr": ""
              }
            ],
            "name": "obligatorio-cluster",
            "outpost_config": [],
            "platform_version": "eks.2",
            "role_arn": "arn:aws:iam::750038500402:role/LabRole",
            "status": "ACTIVE",
            "tags": {},
            "tags_all": {},
            "timeouts": null,
            "version": "1.27",
            "vpc_config": [
              {
                "cluster_security_group_id": "sg-0b06827b54179ff3d",
                "endpoint_private_access": false,
                "endpoint_public_access": true,
                "public_access_cidrs": [
                  "0.0.0.0/0"
                ],
                "security_group_ids": [],
                "subnet_ids": [
                  "subnet-028e8093a0a3bbbe9",
                  "subnet-0a562a829612f14f0"
                ],
                "vpc_id": "vpc-088513419c43f0ad6"
              }
            ]
          },
          "sensitive_attributes": [],
          "private": "eyJlMmJmYjczMC1lY2FhLTExZTYtOGY4OC0zNDM2M2JjN2M0YzAiOnsiY3JlYXRlIjoxODAwMDAwMDAwMDAwLCJkZWxldGUiOjkwMDAwMDAwMDAwMCwidXBkYXRlIjozNjAwMDAwMDAwMDAwfX0=",
          "dependencies": [
            "aws_subnet.obligatorio_private_subnet",
            "aws_subnet.obligatorio_private_subnet_2",
            "aws_vpc.vpc_obligatorio",
            "data.aws_iam_role.labrole-arn"
          ]
        }
      ]
    },
    {
      "mode": "managed",
      "type": "aws_eks_node_group",
      "name": "obligatorio_node_group",
      "provider": "provider[\"registry.terraform.io/hashicorp/aws\"]",
      "instances": [
        {
          "schema_version": 0,
          "attributes": {
            "ami_type": "AL2_x86_64",
            "arn": "arn:aws:eks:us-east-1:750038500402:nodegroup/obligatorio-cluster/obligatorio-node-group/94c479e4-3541-ab04-7fac-bf1d69cfb38a",
            "capacity_type": "ON_DEMAND",
            "cluster_name": "obligatorio-cluster",
            "disk_size": 20,
            "force_update_version": null,
            "id": "obligatorio-cluster:obligatorio-node-group",
            "instance_types": [
              "t3.medium"
            ],
            "labels": {},
            "launch_template": [],
            "node_group_name": "obligatorio-node-group",
            "node_group_name_prefix": "",
            "node_role_arn": "arn:aws:iam::750038500402:role/LabRole",
            "release_version": "1.27.1-20230607",
            "remote_access": [],
            "resources": [
              {
                "autoscaling_groups": [
                  {
                    "name": "eks-obligatorio-node-group-94c479e4-3541-ab04-7fac-bf1d69cfb38a"
                  }
                ],
                "remote_access_security_group_id": ""
              }
            ],
            "scaling_config": [
              {
                "desired_size": 1,
                "max_size": 2,
                "min_size": 1
              }
            ],
            "status": "DELETING",
            "subnet_ids": [
              "subnet-028e8093a0a3bbbe9",
              "subnet-0a562a829612f14f0"
            ],
            "tags": {
              "Name": "nodo 1-obligatorio"
            },
            "tags_all": {
              "Name": "nodo 1-obligatorio"
            },
            "taint": [],
            "timeouts": null,
            "update_config": [
              {
                "max_unavailable": 1,
                "max_unavailable_percentage": 0
              }
            ],
            "version": "1.27"
          },
          "sensitive_attributes": [],
          "private": "eyJlMmJmYjczMC1lY2FhLTExZTYtOGY4OC0zNDM2M2JjN2M0YzAiOnsiY3JlYXRlIjozNjAwMDAwMDAwMDAwLCJkZWxldGUiOjM2MDAwMDAwMDAwMDAsInVwZGF0ZSI6MzYwMDAwMDAwMDAwMH19",
          "dependencies": [
            "aws_eks_cluster.obligatorio_cluster",
            "aws_subnet.obligatorio_private_subnet",
            "aws_subnet.obligatorio_private_subnet_2",
            "aws_vpc.vpc_obligatorio",
            "data.aws_iam_role.labrole-arn"
          ]
        }
      ]
    },
    {
      "mode": "managed",
      "type": "aws_elasticache_cluster",
      "name": "redis_instance",
      "provider": "provider[\"registry.terraform.io/hashicorp/aws\"]",
      "instances": [
        {
          "status": "tainted",
          "schema_version": 0,
          "attributes": {
            "apply_immediately": null,
            "arn": null,
            "auto_minor_version_upgrade": "true",
            "availability_zone": null,
            "az_mode": null,
            "cache_nodes": null,
            "cluster_address": null,
            "cluster_id": "obligatorio-redis-instance",
            "configuration_endpoint": null,
            "engine": "redis",
            "engine_version": "6.x",
            "engine_version_actual": null,
            "final_snapshot_identifier": null,
            "id": "obligatorio-redis-instance",
            "ip_discovery": null,
            "log_delivery_configuration": [],
            "maintenance_window": null,
            "network_type": null,
            "node_type": "cache.t2.micro",
            "notification_topic_arn": null,
            "num_cache_nodes": 1,
            "outpost_mode": null,
            "parameter_group_name": "obligatorio-redis-parameter-group",
            "port": 6379,
            "preferred_availability_zones": null,
            "preferred_outpost_arn": null,
            "replication_group_id": null,
            "security_group_ids": [
              "sg-0f5e61e31bd0b42a3"
            ],
            "snapshot_arns": null,
            "snapshot_name": null,
            "snapshot_retention_limit": null,
            "snapshot_window": null,
            "subnet_group_name": "obligatorio-redis-subnet-group",
            "tags": null,
            "tags_all": null
          },
          "sensitive_attributes": [],
          "private": "bnVsbA==",
          "dependencies": [
            "aws_elasticache_parameter_group.redis_parameter_group1",
            "aws_elasticache_subnet_group.redis_subnet_group",
            "aws_security_group.redis_sg"
          ]
        }
      ]
    },
    {
      "mode": "managed",
      "type": "aws_elasticache_parameter_group",
      "name": "redis_parameter_group1",
      "provider": "provider[\"registry.terraform.io/hashicorp/aws\"]",
      "instances": [
        {
          "schema_version": 0,
          "attributes": {
            "arn": "arn:aws:elasticache:us-east-1:750038500402:parametergroup:obligatorio-redis-parameter-group",
            "description": "Managed by Terraform",
            "family": "redis6.x",
            "id": "obligatorio-redis-parameter-group",
            "name": "obligatorio-redis-parameter-group",
            "parameter": [
              {
                "name": "cluster-enabled",
                "value": "no"
              }
            ],
            "tags": {},
            "tags_all": {}
          },
          "sensitive_attributes": [],
          "private": "bnVsbA=="
        }
      ]
    },
    {
      "mode": "managed",
      "type": "aws_elasticache_subnet_group",
      "name": "redis_subnet_group",
      "provider": "provider[\"registry.terraform.io/hashicorp/aws\"]",
      "instances": [
        {
          "schema_version": 0,
          "attributes": {
            "arn": "arn:aws:elasticache:us-east-1:750038500402:subnetgroup:obligatorio-redis-subnet-group",
            "description": "Managed by Terraform",
            "id": "obligatorio-redis-subnet-group",
            "name": "obligatorio-redis-subnet-group",
            "subnet_ids": [
              "subnet-028e8093a0a3bbbe9",
              "subnet-0a562a829612f14f0"
            ],
            "tags": {},
            "tags_all": {}
          },
          "sensitive_attributes": [],
          "private": "bnVsbA==",
          "dependencies": [
            "aws_subnet.obligatorio_private_subnet",
            "aws_subnet.obligatorio_private_subnet_2",
            "aws_vpc.vpc_obligatorio"
          ]
        }
      ]
    },
    {
      "mode": "managed",
      "type": "aws_instance",
      "name": "obligatorio_frontend",
      "provider": "provider[\"registry.terraform.io/hashicorp/aws\"]",
      "instances": [
        {
          "schema_version": 1,
          "attributes": {
            "ami": "ami-03ededff12e34e59e",
            "arn": "arn:aws:ec2:us-east-1:750038500402:instance/i-0eb354fd801e0dc7c",
            "associate_public_ip_address": true,
            "availability_zone": "us-east-1a",
            "capacity_reservation_specification": [
              {
                "capacity_reservation_preference": "open",
                "capacity_reservation_target": []
              }
            ],
            "cpu_core_count": 1,
            "cpu_options": [
              {
                "amd_sev_snp": "",
                "core_count": 1,
                "threads_per_core": 1
              }
            ],
            "cpu_threads_per_core": 1,
            "credit_specification": [
              {
                "cpu_credits": "standard"
              }
            ],
            "disable_api_stop": false,
            "disable_api_termination": false,
            "ebs_block_device": [],
            "ebs_optimized": false,
            "enclave_options": [
              {
                "enabled": false
              }
            ],
            "ephemeral_block_device": [],
            "get_password_data": false,
            "hibernation": false,
            "host_id": "",
            "host_resource_group_arn": null,
            "iam_instance_profile": "",
            "id": "i-0eb354fd801e0dc7c",
            "instance_initiated_shutdown_behavior": "stop",
            "instance_lifecycle": "",
            "instance_market_options": [],
            "instance_state": "running",
            "instance_type": "t2.micro",
            "ipv6_address_count": 0,
            "ipv6_addresses": [],
            "key_name": "vockey",
            "launch_template": [],
            "maintenance_options": [
              {
                "auto_recovery": "default"
              }
            ],
            "metadata_options": [
              {
                "http_endpoint": "enabled",
                "http_put_response_hop_limit": 1,
                "http_tokens": "optional",
                "instance_metadata_tags": "disabled"
              }
            ],
            "monitoring": false,
            "network_interface": [],
            "outpost_arn": "",
            "password_data": "",
            "placement_group": "",
            "placement_partition_number": 0,
            "primary_network_interface_id": "eni-09040815102569364",
            "private_dns": "ip-10-0-2-201.ec2.internal",
            "private_dns_name_options": [
              {
                "enable_resource_name_dns_a_record": false,
                "enable_resource_name_dns_aaaa_record": false,
                "hostname_type": "ip-name"
              }
            ],
            "private_ip": "10.0.2.201",
            "public_dns": "",
            "public_ip": "52.54.254.122",
            "root_block_device": [
              {
                "delete_on_termination": true,
                "device_name": "/dev/xvda",
                "encrypted": false,
                "iops": 100,
                "kms_key_id": "",
                "tags": {},
                "throughput": 0,
                "volume_id": "vol-0dfd94da66a9967ea",
                "volume_size": 8,
                "volume_type": "gp2"
              }
            ],
            "secondary_private_ips": [],
            "security_groups": [],
            "source_dest_check": true,
            "spot_instance_request_id": "",
            "subnet_id": "subnet-0a562a829612f14f0",
            "tags": {
              "Name": "instance-frontend",
              "obligatorio": "True"
            },
            "tags_all": {
              "Name": "instance-frontend",
              "obligatorio": "True"
            },
            "tenancy": "default",
            "timeouts": null,
            "user_data": null,
            "user_data_base64": null,
            "user_data_replace_on_change": false,
            "volume_tags": null,
            "vpc_security_group_ids": [
              "sg-083e9de475cfc205b",
              "sg-0f7355121e77e5b9e"
            ]
          },
          "sensitive_attributes": [],
          "private": "eyJlMmJmYjczMC1lY2FhLTExZTYtOGY4OC0zNDM2M2JjN2M0YzAiOnsiY3JlYXRlIjo2MDAwMDAwMDAwMDAsImRlbGV0ZSI6MTIwMDAwMDAwMDAwMCwidXBkYXRlIjo2MDAwMDAwMDAwMDB9LCJzY2hlbWFfdmVyc2lvbiI6IjEifQ==",
          "dependencies": [
            "aws_eks_cluster.obligatorio_cluster",
            "aws_eks_node_group.obligatorio_node_group",
            "aws_security_group.http_sg",
            "aws_security_group.ssh_sg",
            "aws_subnet.obligatorio_private_subnet",
            "aws_vpc.vpc_obligatorio"
          ]
        }
      ]
    },
    {
      "mode": "managed",
      "type": "aws_internet_gateway",
      "name": "obligatorio_igw",
      "provider": "provider[\"registry.terraform.io/hashicorp/aws\"]",
      "instances": [
        {
          "schema_version": 0,
          "attributes": {
            "arn": "arn:aws:ec2:us-east-1:750038500402:internet-gateway/igw-00fd5a1b05b59ed98",
            "id": "igw-00fd5a1b05b59ed98",
            "owner_id": "750038500402",
            "tags": {
              "Name": "obligatorioc1-internet-gateway",
              "terraform": "True"
            },
            "tags_all": {
              "Name": "obligatorioc1-internet-gateway",
              "terraform": "True"
            },
            "timeouts": null,
            "vpc_id": "vpc-088513419c43f0ad6"
          },
          "sensitive_attributes": [],
          "private": "eyJlMmJmYjczMC1lY2FhLTExZTYtOGY4OC0zNDM2M2JjN2M0YzAiOnsiY3JlYXRlIjoxMjAwMDAwMDAwMDAwLCJkZWxldGUiOjEyMDAwMDAwMDAwMDAsInVwZGF0ZSI6MTIwMDAwMDAwMDAwMH19",
          "dependencies": [
            "aws_vpc.vpc_obligatorio"
          ]
        }
      ]
    },
    {
      "mode": "managed",
      "type": "aws_launch_template",
      "name": "obligatorio",
      "provider": "provider[\"registry.terraform.io/hashicorp/aws\"]",
      "instances": [
        {
          "schema_version": 0,
          "attributes": {
            "arn": "arn:aws:ec2:us-east-1:750038500402:launch-template/lt-0b605d9b56e48588f",
            "block_device_mappings": [],
            "capacity_reservation_specification": [],
            "cpu_options": [],
            "credit_specification": [],
            "default_version": 1,
            "description": "",
            "disable_api_stop": false,
            "disable_api_termination": false,
            "ebs_optimized": "",
            "elastic_gpu_specifications": [],
            "elastic_inference_accelerator": [],
            "enclave_options": [],
            "hibernation_options": [],
            "iam_instance_profile": [],
            "id": "lt-0b605d9b56e48588f",
            "image_id": "ami-03ededff12e34e59e",
            "instance_initiated_shutdown_behavior": "",
            "instance_market_options": [],
            "instance_requirements": [],
            "instance_type": "t2.micro",
            "kernel_id": "",
            "key_name": "",
            "latest_version": 1,
            "license_specification": [],
            "maintenance_options": [],
            "metadata_options": [],
            "monitoring": [],
            "name": "obligatorio-launch-template",
            "name_prefix": "",
            "network_interfaces": [],
            "placement": [],
            "private_dns_name_options": [],
            "ram_disk_id": "",
            "security_group_names": null,
            "tag_specifications": [],
            "tags": null,
            "tags_all": {},
            "update_default_version": null,
            "user_data": "",
            "vpc_security_group_ids": null
          },
          "sensitive_attributes": [],
          "private": "bnVsbA=="
        }
      ]
    },
    {
      "mode": "managed",
      "type": "aws_lb",
      "name": "obligatorio",
      "provider": "provider[\"registry.terraform.io/hashicorp/aws\"]",
      "instances": [
        {
          "schema_version": 0,
          "attributes": {
            "access_logs": [
              {
                "bucket": "",
                "enabled": false,
                "prefix": ""
              }
            ],
            "arn": "arn:aws:elasticloadbalancing:us-east-1:750038500402:loadbalancer/app/obligatorio-lb/88d47ba7fd8a4dc8",
            "arn_suffix": "app/obligatorio-lb/88d47ba7fd8a4dc8",
            "customer_owned_ipv4_pool": "",
            "desync_mitigation_mode": "defensive",
            "dns_name": "obligatorio-lb-1752866633.us-east-1.elb.amazonaws.com",
            "drop_invalid_header_fields": false,
            "enable_cross_zone_load_balancing": true,
            "enable_deletion_protection": false,
            "enable_http2": true,
            "enable_tls_version_and_cipher_suite_headers": false,
            "enable_waf_fail_open": false,
            "enable_xff_client_port": false,
            "id": "arn:aws:elasticloadbalancing:us-east-1:750038500402:loadbalancer/app/obligatorio-lb/88d47ba7fd8a4dc8",
            "idle_timeout": 60,
            "internal": false,
            "ip_address_type": "ipv4",
            "load_balancer_type": "application",
            "name": "obligatorio-lb",
            "name_prefix": null,
            "preserve_host_header": false,
            "security_groups": [
              "sg-083e9de475cfc205b",
              "sg-0f7355121e77e5b9e"
            ],
            "subnet_mapping": [
              {
                "allocation_id": "",
                "ipv6_address": "",
                "outpost_id": "",
                "private_ipv4_address": "",
                "subnet_id": "subnet-06671010e32859740"
              },
              {
                "allocation_id": "",
                "ipv6_address": "",
                "outpost_id": "",
                "private_ipv4_address": "",
                "subnet_id": "subnet-0a8d19b2105e98e39"
              }
            ],
            "subnets": [
              "subnet-06671010e32859740",
              "subnet-0a8d19b2105e98e39"
            ],
            "tags": {
              "Name": "obligatorio-lb",
              "terraform": "True"
            },
            "tags_all": {
              "Name": "obligatorio-lb",
              "terraform": "True"
            },
            "timeouts": null,
            "vpc_id": "vpc-088513419c43f0ad6",
            "xff_header_processing_mode": "append",
            "zone_id": "Z35SXDOTRQ7X7K"
          },
          "sensitive_attributes": [],
          "private": "eyJlMmJmYjczMC1lY2FhLTExZTYtOGY4OC0zNDM2M2JjN2M0YzAiOnsiY3JlYXRlIjo2MDAwMDAwMDAwMDAsImRlbGV0ZSI6NjAwMDAwMDAwMDAwLCJ1cGRhdGUiOjYwMDAwMDAwMDAwMH19",
          "dependencies": [
            "aws_security_group.http_sg",
            "aws_security_group.ssh_sg",
            "aws_subnet.obligatorio_public_subnet",
            "aws_subnet.obligatorio_public_subnet2",
            "aws_vpc.vpc_obligatorio"
          ]
        }
      ]
    },
    {
      "mode": "managed",
      "type": "aws_lb_target_group",
      "name": "obligatorio",
      "provider": "provider[\"registry.terraform.io/hashicorp/aws\"]",
      "instances": [
        {
          "schema_version": 0,
          "attributes": {
            "arn": "arn:aws:elasticloadbalancing:us-east-1:750038500402:targetgroup/obligatorio-target-group/0fd885a7ba0e2517",
            "arn_suffix": "targetgroup/obligatorio-target-group/0fd885a7ba0e2517",
            "connection_termination": false,
            "deregistration_delay": "300",
            "health_check": [
              {
                "enabled": true,
                "healthy_threshold": 2,
                "interval": 30,
                "matcher": "200",
                "path": "/",
                "port": "traffic-port",
                "protocol": "HTTP",
                "timeout": 5,
                "unhealthy_threshold": 2
              }
            ],
            "id": "arn:aws:elasticloadbalancing:us-east-1:750038500402:targetgroup/obligatorio-target-group/0fd885a7ba0e2517",
            "ip_address_type": "ipv4",
            "lambda_multi_value_headers_enabled": false,
            "load_balancing_algorithm_type": "round_robin",
            "load_balancing_cross_zone_enabled": "use_load_balancer_configuration",
            "name": "obligatorio-target-group",
            "name_prefix": null,
            "port": 80,
            "preserve_client_ip": null,
            "protocol": "HTTP",
            "protocol_version": "HTTP1",
            "proxy_protocol_v2": false,
            "slow_start": 0,
            "stickiness": [
              {
                "cookie_duration": 86400,
                "cookie_name": "",
                "enabled": false,
                "type": "lb_cookie"
              }
            ],
            "tags": null,
            "tags_all": {},
            "target_failover": [
              {
                "on_deregistration": null,
                "on_unhealthy": null
              }
            ],
            "target_type": "instance",
            "vpc_id": "vpc-088513419c43f0ad6"
          },
          "sensitive_attributes": [],
          "private": "bnVsbA==",
          "dependencies": [
            "aws_vpc.vpc_obligatorio"
          ]
        }
      ]
    },
    {
      "mode": "managed",
      "type": "aws_lb_target_group_attachment",
      "name": "obligatorio_frontend",
      "provider": "provider[\"registry.terraform.io/hashicorp/aws\"]",
      "instances": [
        {
          "schema_version": 0,
          "attributes": {
            "availability_zone": null,
            "id": "arn:aws:elasticloadbalancing:us-east-1:750038500402:targetgroup/obligatorio-target-group/0fd885a7ba0e2517-20230625183707991100000004",
            "port": null,
            "target_group_arn": "arn:aws:elasticloadbalancing:us-east-1:750038500402:targetgroup/obligatorio-target-group/0fd885a7ba0e2517",
            "target_id": "i-0eb354fd801e0dc7c"
          },
          "sensitive_attributes": [],
          "private": "bnVsbA==",
          "dependencies": [
            "aws_eks_cluster.obligatorio_cluster",
            "aws_eks_node_group.obligatorio_node_group",
            "aws_instance.obligatorio_frontend",
            "aws_lb_target_group.obligatorio",
            "aws_security_group.http_sg",
            "aws_security_group.ssh_sg",
            "aws_subnet.obligatorio_private_subnet",
            "aws_vpc.vpc_obligatorio"
          ]
        }
      ]
    },
    {
      "mode": "managed",
      "type": "aws_nat_gateway",
      "name": "nat_gateway",
      "provider": "provider[\"registry.terraform.io/hashicorp/aws\"]",
      "instances": [
        {
          "schema_version": 0,
          "attributes": {
            "allocation_id": "eipalloc-05666543872097778",
            "association_id": "eipassoc-093d4ca0a6d69dc8c",
            "connectivity_type": "public",
            "id": "nat-0d06762229385ddb8",
            "network_interface_id": "eni-05d178ea83edf0db8",
            "private_ip": "10.0.1.118",
            "public_ip": "18.211.45.72",
            "subnet_id": "subnet-0a8d19b2105e98e39",
            "tags": {
              "Name": "nat-gateway",
              "terraform": "True"
            },
            "tags_all": {
              "Name": "nat-gateway",
              "terraform": "True"
            }
          },
          "sensitive_attributes": [],
          "private": "bnVsbA==",
          "dependencies": [
            "aws_eip.nat_gateway_eip",
            "aws_subnet.obligatorio_public_subnet"
          ]
        }
      ]
    },
    {
      "mode": "managed",
      "type": "aws_route",
      "name": "obligatorio_public_subnet_route",
      "provider": "provider[\"registry.terraform.io/hashicorp/aws\"]",
      "instances": [
        {
          "schema_version": 0,
          "attributes": {
            "carrier_gateway_id": "",
            "core_network_arn": "",
            "destination_cidr_block": "0.0.0.0/0",
            "destination_ipv6_cidr_block": "",
            "destination_prefix_list_id": "",
            "egress_only_gateway_id": "",
            "gateway_id": "igw-00fd5a1b05b59ed98",
            "id": "r-rtb-0d52c4928513968921080289494",
            "instance_id": "",
            "instance_owner_id": "",
            "local_gateway_id": "",
            "nat_gateway_id": "",
            "network_interface_id": "",
            "origin": "CreateRoute",
            "route_table_id": "rtb-0d52c492851396892",
            "state": "active",
            "timeouts": null,
            "transit_gateway_id": "",
            "vpc_endpoint_id": "",
            "vpc_peering_connection_id": ""
          },
          "sensitive_attributes": [],
          "private": "eyJlMmJmYjczMC1lY2FhLTExZTYtOGY4OC0zNDM2M2JjN2M0YzAiOnsiY3JlYXRlIjozMDAwMDAwMDAwMDAsImRlbGV0ZSI6MzAwMDAwMDAwMDAwLCJ1cGRhdGUiOjEyMDAwMDAwMDAwMH19",
          "dependencies": [
            "aws_internet_gateway.obligatorio_igw",
            "aws_route_table.obligatorio_route_table",
            "aws_vpc.vpc_obligatorio"
          ]
        }
      ]
    },
    {
      "mode": "managed",
      "type": "aws_route_table",
      "name": "obligatorio_route_table",
      "provider": "provider[\"registry.terraform.io/hashicorp/aws\"]",
      "instances": [
        {
          "schema_version": 0,
          "attributes": {
            "arn": "arn:aws:ec2:us-east-1:750038500402:route-table/rtb-0d52c492851396892",
            "id": "rtb-0d52c492851396892",
            "owner_id": "750038500402",
            "propagating_vgws": [],
            "route": [],
            "tags": {
              "Name": "obligatorio-route-table",
              "terraform": "True"
            },
            "tags_all": {
              "Name": "obligatorio-route-table",
              "terraform": "True"
            },
            "timeouts": null,
            "vpc_id": "vpc-088513419c43f0ad6"
          },
          "sensitive_attributes": [],
          "private": "eyJlMmJmYjczMC1lY2FhLTExZTYtOGY4OC0zNDM2M2JjN2M0YzAiOnsiY3JlYXRlIjozMDAwMDAwMDAwMDAsImRlbGV0ZSI6MzAwMDAwMDAwMDAwLCJ1cGRhdGUiOjEyMDAwMDAwMDAwMH19",
          "dependencies": [
            "aws_vpc.vpc_obligatorio"
          ]
        }
      ]
    },
    {
      "mode": "managed",
      "type": "aws_route_table_association",
      "name": "obligatorio_private_subnet_association",
      "provider": "provider[\"registry.terraform.io/hashicorp/aws\"]",
      "instances": [
        {
          "schema_version": 0,
          "attributes": {
            "gateway_id": "",
            "id": "rtbassoc-04d760f841e3376dc",
            "route_table_id": "rtb-0d52c492851396892",
            "subnet_id": "subnet-0a562a829612f14f0",
            "timeouts": null
          },
          "sensitive_attributes": [],
          "private": "eyJlMmJmYjczMC1lY2FhLTExZTYtOGY4OC0zNDM2M2JjN2M0YzAiOnsiY3JlYXRlIjozMDAwMDAwMDAwMDAsImRlbGV0ZSI6MzAwMDAwMDAwMDAwLCJ1cGRhdGUiOjEyMDAwMDAwMDAwMH19",
          "dependencies": [
            "aws_route_table.obligatorio_route_table",
            "aws_subnet.obligatorio_private_subnet",
            "aws_vpc.vpc_obligatorio"
          ]
        }
      ]
    },
    {
      "mode": "managed",
      "type": "aws_route_table_association",
      "name": "obligatorio_public_subnet_association",
      "provider": "provider[\"registry.terraform.io/hashicorp/aws\"]",
      "instances": [
        {
          "schema_version": 0,
          "attributes": {
            "gateway_id": "",
            "id": "rtbassoc-09c73c96698a62516",
            "route_table_id": "rtb-0d52c492851396892",
            "subnet_id": "subnet-0a8d19b2105e98e39",
            "timeouts": null
          },
          "sensitive_attributes": [],
          "private": "eyJlMmJmYjczMC1lY2FhLTExZTYtOGY4OC0zNDM2M2JjN2M0YzAiOnsiY3JlYXRlIjozMDAwMDAwMDAwMDAsImRlbGV0ZSI6MzAwMDAwMDAwMDAwLCJ1cGRhdGUiOjEyMDAwMDAwMDAwMH19",
          "dependencies": [
            "aws_route_table.obligatorio_route_table",
            "aws_subnet.obligatorio_public_subnet",
            "aws_vpc.vpc_obligatorio"
          ]
        }
      ]
    },
    {
      "mode": "managed",
      "type": "aws_s3_bucket",
      "name": "obligatorio_bucket1",
      "provider": "provider[\"registry.terraform.io/hashicorp/aws\"]",
      "instances": [
        {
          "schema_version": 0,
          "attributes": {
            "acceleration_status": "",
            "acl": null,
            "arn": "arn:aws:s3:::obligatorio1",
            "bucket": "obligatorio1",
            "bucket_domain_name": "obligatorio1.s3.amazonaws.com",
            "bucket_prefix": "",
            "bucket_regional_domain_name": "obligatorio1.s3.us-east-1.amazonaws.com",
            "cors_rule": [],
            "force_destroy": false,
            "grant": [
              {
                "id": "66d9bb33486199abe9f7d732bb82e70ab9f4f3d6f5158cb7a6d1748b5d3db819",
                "permissions": [
                  "FULL_CONTROL"
                ],
                "type": "CanonicalUser",
                "uri": ""
              }
            ],
            "hosted_zone_id": "Z3AQBSTGFYJSTF",
            "id": "obligatorio1",
            "lifecycle_rule": [],
            "logging": [],
            "object_lock_configuration": [],
            "object_lock_enabled": false,
            "policy": "",
            "region": "us-east-1",
            "replication_configuration": [],
            "request_payer": "BucketOwner",
            "server_side_encryption_configuration": [
              {
                "rule": [
                  {
                    "apply_server_side_encryption_by_default": [
                      {
                        "kms_master_key_id": "",
                        "sse_algorithm": "AES256"
                      }
                    ],
                    "bucket_key_enabled": false
                  }
                ]
              }
            ],
            "tags": {
              "Name": "obligatorio-bucket1",
              "terraform": "True"
            },
            "tags_all": {
              "Name": "obligatorio-bucket1",
              "terraform": "True"
            },
            "timeouts": null,
            "versioning": [
              {
                "enabled": false,
                "mfa_delete": false
              }
            ],
            "website": [],
            "website_domain": null,
            "website_endpoint": null
          },
          "sensitive_attributes": [],
          "private": "eyJlMmJmYjczMC1lY2FhLTExZTYtOGY4OC0zNDM2M2JjN2M0YzAiOnsiY3JlYXRlIjoxMjAwMDAwMDAwMDAwLCJkZWxldGUiOjM2MDAwMDAwMDAwMDAsInJlYWQiOjEyMDAwMDAwMDAwMDAsInVwZGF0ZSI6MTIwMDAwMDAwMDAwMH19"
        }
      ]
    },
    {
      "mode": "managed",
      "type": "aws_security_group",
      "name": "db_sg",
      "provider": "provider[\"registry.terraform.io/hashicorp/aws\"]",
      "instances": [
        {
          "schema_version": 1,
          "attributes": {
            "arn": "arn:aws:ec2:us-east-1:750038500402:security-group/sg-064154475d8732e3b",
            "description": "Security group for RDSzsdatabase",
            "egress": [],
            "id": "sg-064154475d8732e3b",
            "ingress": [
              {
                "cidr_blocks": [],
                "description": "",
                "from_port": 3306,
                "ipv6_cidr_blocks": [],
                "prefix_list_ids": [],
                "protocol": "tcp",
                "security_groups": [
                  "sg-0f7355121e77e5b9e"
                ],
                "self": false,
                "to_port": 3306
              }
            ],
            "name": "grupo-seguridad-db",
            "name_prefix": "",
            "owner_id": "750038500402",
            "revoke_rules_on_delete": false,
            "tags": {
              "Name": "grupo-seguridad-db",
              "terraform": "True"
            },
            "tags_all": {
              "Name": "grupo-seguridad-db",
              "terraform": "True"
            },
            "timeouts": null,
            "vpc_id": "vpc-088513419c43f0ad6"
          },
          "sensitive_attributes": [],
          "private": "eyJlMmJmYjczMC1lY2FhLTExZTYtOGY4OC0zNDM2M2JjN2M0YzAiOnsiY3JlYXRlIjo2MDAwMDAwMDAwMDAsImRlbGV0ZSI6OTAwMDAwMDAwMDAwfSwic2NoZW1hX3ZlcnNpb24iOiIxIn0=",
          "dependencies": [
            "aws_security_group.http_sg",
            "aws_vpc.vpc_obligatorio"
          ]
        }
      ]
    },
    {
      "mode": "managed",
      "type": "aws_security_group",
      "name": "eks_cluster_sg",
      "provider": "provider[\"registry.terraform.io/hashicorp/aws\"]",
      "instances": [
        {
          "schema_version": 1,
          "attributes": {
            "arn": "arn:aws:ec2:us-east-1:750038500402:security-group/sg-04bf99be18e88bf84",
            "description": "Security group for EKS cluster",
            "egress": [
              {
                "cidr_blocks": [
                  "0.0.0.0/0"
                ],
                "description": "",
                "from_port": 22,
                "ipv6_cidr_blocks": [],
                "prefix_list_ids": [],
                "protocol": "tcp",
                "security_groups": [],
                "self": false,
                "to_port": 22
              }
            ],
            "id": "sg-04bf99be18e88bf84",
            "ingress": [
              {
                "cidr_blocks": [
                  "0.0.0.0/0"
                ],
                "description": "",
                "from_port": 22,
                "ipv6_cidr_blocks": [],
                "prefix_list_ids": [],
                "protocol": "tcp",
                "security_groups": [],
                "self": false,
                "to_port": 22
              },
              {
                "cidr_blocks": [
                  "0.0.0.0/0"
                ],
                "description": "",
                "from_port": 443,
                "ipv6_cidr_blocks": [],
                "prefix_list_ids": [],
                "protocol": "tcp",
                "security_groups": [],
                "self": false,
                "to_port": 443
              }
            ],
            "name": "eks-cluster-sg",
            "name_prefix": "",
            "owner_id": "750038500402",
            "revoke_rules_on_delete": false,
            "tags": null,
            "tags_all": {},
            "timeouts": null,
            "vpc_id": "vpc-088513419c43f0ad6"
          },
          "sensitive_attributes": [],
          "private": "eyJlMmJmYjczMC1lY2FhLTExZTYtOGY4OC0zNDM2M2JjN2M0YzAiOnsiY3JlYXRlIjo2MDAwMDAwMDAwMDAsImRlbGV0ZSI6OTAwMDAwMDAwMDAwfSwic2NoZW1hX3ZlcnNpb24iOiIxIn0=",
          "dependencies": [
            "aws_vpc.vpc_obligatorio"
          ]
        }
      ]
    },
    {
      "mode": "managed",
      "type": "aws_security_group",
      "name": "http_sg",
      "provider": "provider[\"registry.terraform.io/hashicorp/aws\"]",
      "instances": [
        {
          "schema_version": 1,
          "attributes": {
            "arn": "arn:aws:ec2:us-east-1:750038500402:security-group/sg-0f7355121e77e5b9e",
            "description": "Security group for HTTP traffic",
            "egress": [
              {
                "cidr_blocks": [
                  "0.0.0.0/0"
                ],
                "description": "",
                "from_port": 0,
                "ipv6_cidr_blocks": [],
                "prefix_list_ids": [],
                "protocol": "-1",
                "security_groups": [],
                "self": false,
                "to_port": 0
              }
            ],
            "id": "sg-0f7355121e77e5b9e",
            "ingress": [
              {
                "cidr_blocks": [
                  "0.0.0.0/0"
                ],
                "description": "",
                "from_port": 22,
                "ipv6_cidr_blocks": [],
                "prefix_list_ids": [],
                "protocol": "tcp",
                "security_groups": [],
                "self": false,
                "to_port": 22
              },
              {
                "cidr_blocks": [
                  "0.0.0.0/0"
                ],
                "description": "",
                "from_port": 80,
                "ipv6_cidr_blocks": [],
                "prefix_list_ids": [],
                "protocol": "tcp",
                "security_groups": [],
                "self": false,
                "to_port": 80
              }
            ],
            "name": "grupo-seguridad-http",
            "name_prefix": "",
            "owner_id": "750038500402",
            "revoke_rules_on_delete": false,
            "tags": {
              "Name": "grupo-seguridad-http",
              "terraform": "True"
            },
            "tags_all": {
              "Name": "grupo-seguridad-http",
              "terraform": "True"
            },
            "timeouts": null,
            "vpc_id": "vpc-088513419c43f0ad6"
          },
          "sensitive_attributes": [],
          "private": "eyJlMmJmYjczMC1lY2FhLTExZTYtOGY4OC0zNDM2M2JjN2M0YzAiOnsiY3JlYXRlIjo2MDAwMDAwMDAwMDAsImRlbGV0ZSI6OTAwMDAwMDAwMDAwfSwic2NoZW1hX3ZlcnNpb24iOiIxIn0=",
          "dependencies": [
            "aws_vpc.vpc_obligatorio"
          ]
        }
      ]
    },
    {
      "mode": "managed",
      "type": "aws_security_group",
      "name": "redis_sg",
      "provider": "provider[\"registry.terraform.io/hashicorp/aws\"]",
      "instances": [
        {
          "schema_version": 1,
          "attributes": {
            "arn": "arn:aws:ec2:us-east-1:750038500402:security-group/sg-0f5e61e31bd0b42a3",
            "description": "Security group for Redis",
            "egress": [],
            "id": "sg-0f5e61e31bd0b42a3",
            "ingress": [
              {
                "cidr_blocks": [
                  "0.0.0.0/0"
                ],
                "description": "",
                "from_port": 6379,
                "ipv6_cidr_blocks": [],
                "prefix_list_ids": [],
                "protocol": "tcp",
                "security_groups": [],
                "self": false,
                "to_port": 6379
              }
            ],
            "name": "obligatorio-redis-sg",
            "name_prefix": "",
            "owner_id": "750038500402",
            "revoke_rules_on_delete": false,
            "tags": {},
            "tags_all": {},
            "timeouts": null,
            "vpc_id": "vpc-088513419c43f0ad6"
          },
          "sensitive_attributes": [],
          "private": "eyJlMmJmYjczMC1lY2FhLTExZTYtOGY4OC0zNDM2M2JjN2M0YzAiOnsiY3JlYXRlIjo2MDAwMDAwMDAwMDAsImRlbGV0ZSI6OTAwMDAwMDAwMDAwfSwic2NoZW1hX3ZlcnNpb24iOiIxIn0=",
          "dependencies": [
            "aws_vpc.vpc_obligatorio"
          ]
        }
      ]
    },
    {
      "mode": "managed",
      "type": "aws_security_group",
      "name": "s3_access_sg",
      "provider": "provider[\"registry.terraform.io/hashicorp/aws\"]",
      "instances": [
        {
          "schema_version": 1,
          "attributes": {
            "arn": "arn:aws:ec2:us-east-1:750038500402:security-group/sg-0911a998da28eec52",
            "description": "Security group for S3 bucket access",
            "egress": [
              {
                "cidr_blocks": [
                  "0.0.0.0/0"
                ],
                "description": "",
                "from_port": 0,
                "ipv6_cidr_blocks": [],
                "prefix_list_ids": [],
                "protocol": "-1",
                "security_groups": [],
                "self": false,
                "to_port": 0
              }
            ],
            "id": "sg-0911a998da28eec52",
            "ingress": [
              {
                "cidr_blocks": [
                  "0.0.0.0/0"
                ],
                "description": "",
                "from_port": 80,
                "ipv6_cidr_blocks": [],
                "prefix_list_ids": [],
                "protocol": "tcp",
                "security_groups": [],
                "self": false,
                "to_port": 80
              }
            ],
            "name": "grupo-seguridad-s3-access",
            "name_prefix": "",
            "owner_id": "750038500402",
            "revoke_rules_on_delete": false,
            "tags": {
              "Name": "grupo-seguridad-s3-access",
              "terraform": "True"
            },
            "tags_all": {
              "Name": "grupo-seguridad-s3-access",
              "terraform": "True"
            },
            "timeouts": null,
            "vpc_id": "vpc-07db88f683ea9ea79"
          },
          "sensitive_attributes": [],
          "private": "eyJlMmJmYjczMC1lY2FhLTExZTYtOGY4OC0zNDM2M2JjN2M0YzAiOnsiY3JlYXRlIjo2MDAwMDAwMDAwMDAsImRlbGV0ZSI6OTAwMDAwMDAwMDAwfSwic2NoZW1hX3ZlcnNpb24iOiIxIn0="
        }
      ]
    },
    {
      "mode": "managed",
      "type": "aws_security_group",
      "name": "ssh_sg",
      "provider": "provider[\"registry.terraform.io/hashicorp/aws\"]",
      "instances": [
        {
          "schema_version": 1,
          "attributes": {
            "arn": "arn:aws:ec2:us-east-1:750038500402:security-group/sg-083e9de475cfc205b",
            "description": "Security group for SSH traffic",
            "egress": [
              {
                "cidr_blocks": [
                  "0.0.0.0/0"
                ],
                "description": "",
                "from_port": 0,
                "ipv6_cidr_blocks": [],
                "prefix_list_ids": [],
                "protocol": "-1",
                "security_groups": [],
                "self": false,
                "to_port": 0
              }
            ],
            "id": "sg-083e9de475cfc205b",
            "ingress": [
              {
                "cidr_blocks": [
                  "0.0.0.0/0"
                ],
                "description": "",
                "from_port": 22,
                "ipv6_cidr_blocks": [],
                "prefix_list_ids": [],
                "protocol": "tcp",
                "security_groups": [],
                "self": false,
                "to_port": 22
              }
            ],
            "name": "grupo-seguridad-ssh",
            "name_prefix": "",
            "owner_id": "750038500402",
            "revoke_rules_on_delete": false,
            "tags": {
              "Name": "grupo-seguridad-ssh",
              "terraform": "True"
            },
            "tags_all": {
              "Name": "grupo-seguridad-ssh",
              "terraform": "True"
            },
            "timeouts": null,
            "vpc_id": "vpc-088513419c43f0ad6"
          },
          "sensitive_attributes": [],
          "private": "eyJlMmJmYjczMC1lY2FhLTExZTYtOGY4OC0zNDM2M2JjN2M0YzAiOnsiY3JlYXRlIjo2MDAwMDAwMDAwMDAsImRlbGV0ZSI6OTAwMDAwMDAwMDAwfSwic2NoZW1hX3ZlcnNpb24iOiIxIn0=",
          "dependencies": [
            "aws_vpc.vpc_obligatorio"
          ]
        }
      ]
    },
    {
      "mode": "managed",
      "type": "aws_subnet",
      "name": "obligatorio_private_subnet",
      "provider": "provider[\"registry.terraform.io/hashicorp/aws\"]",
      "instances": [
        {
          "schema_version": 1,
          "attributes": {
            "arn": "arn:aws:ec2:us-east-1:750038500402:subnet/subnet-0a562a829612f14f0",
            "assign_ipv6_address_on_creation": false,
            "availability_zone": "us-east-1a",
            "availability_zone_id": "use1-az2",
            "cidr_block": "10.0.2.0/24",
            "customer_owned_ipv4_pool": "",
            "enable_dns64": false,
            "enable_lni_at_device_index": 0,
            "enable_resource_name_dns_a_record_on_launch": false,
            "enable_resource_name_dns_aaaa_record_on_launch": false,
            "id": "subnet-0a562a829612f14f0",
            "ipv6_cidr_block": "",
            "ipv6_cidr_block_association_id": "",
            "ipv6_native": false,
            "map_customer_owned_ip_on_launch": false,
            "map_public_ip_on_launch": true,
            "outpost_arn": "",
            "owner_id": "750038500402",
            "private_dns_hostname_type_on_launch": "ip-name",
            "tags": {
              "Name": "obligatorio-private-subnet",
              "terraform": "True"
            },
            "tags_all": {
              "Name": "obligatorio-private-subnet",
              "terraform": "True"
            },
            "timeouts": null,
            "vpc_id": "vpc-088513419c43f0ad6"
          },
          "sensitive_attributes": [],
          "private": "eyJlMmJmYjczMC1lY2FhLTExZTYtOGY4OC0zNDM2M2JjN2M0YzAiOnsiY3JlYXRlIjo2MDAwMDAwMDAwMDAsImRlbGV0ZSI6MTIwMDAwMDAwMDAwMH0sInNjaGVtYV92ZXJzaW9uIjoiMSJ9",
          "dependencies": [
            "aws_vpc.vpc_obligatorio"
          ]
        }
      ]
    },
    {
      "mode": "managed",
      "type": "aws_subnet",
      "name": "obligatorio_private_subnet_2",
      "provider": "provider[\"registry.terraform.io/hashicorp/aws\"]",
      "instances": [
        {
          "schema_version": 1,
          "attributes": {
            "arn": "arn:aws:ec2:us-east-1:750038500402:subnet/subnet-028e8093a0a3bbbe9",
            "assign_ipv6_address_on_creation": false,
            "availability_zone": "us-east-1b",
            "availability_zone_id": "use1-az4",
            "cidr_block": "10.0.3.0/24",
            "customer_owned_ipv4_pool": "",
            "enable_dns64": false,
            "enable_lni_at_device_index": 0,
            "enable_resource_name_dns_a_record_on_launch": false,
            "enable_resource_name_dns_aaaa_record_on_launch": false,
            "id": "subnet-028e8093a0a3bbbe9",
            "ipv6_cidr_block": "",
            "ipv6_cidr_block_association_id": "",
            "ipv6_native": false,
            "map_customer_owned_ip_on_launch": false,
            "map_public_ip_on_launch": true,
            "outpost_arn": "",
            "owner_id": "750038500402",
            "private_dns_hostname_type_on_launch": "ip-name",
            "tags": {
              "Name": "obligatorio-private-subnet-2",
              "terraform": "True"
            },
            "tags_all": {
              "Name": "obligatorio-private-subnet-2",
              "terraform": "True"
            },
            "timeouts": null,
            "vpc_id": "vpc-088513419c43f0ad6"
          },
          "sensitive_attributes": [],
          "private": "eyJlMmJmYjczMC1lY2FhLTExZTYtOGY4OC0zNDM2M2JjN2M0YzAiOnsiY3JlYXRlIjo2MDAwMDAwMDAwMDAsImRlbGV0ZSI6MTIwMDAwMDAwMDAwMH0sInNjaGVtYV92ZXJzaW9uIjoiMSJ9",
          "dependencies": [
            "aws_vpc.vpc_obligatorio"
          ]
        }
      ]
    },
    {
      "mode": "managed",
      "type": "aws_subnet",
      "name": "obligatorio_public_subnet",
      "provider": "provider[\"registry.terraform.io/hashicorp/aws\"]",
      "instances": [
        {
          "schema_version": 1,
          "attributes": {
            "arn": "arn:aws:ec2:us-east-1:750038500402:subnet/subnet-0a8d19b2105e98e39",
            "assign_ipv6_address_on_creation": false,
            "availability_zone": "us-east-1a",
            "availability_zone_id": "use1-az2",
            "cidr_block": "10.0.1.0/24",
            "customer_owned_ipv4_pool": "",
            "enable_dns64": false,
            "enable_lni_at_device_index": 0,
            "enable_resource_name_dns_a_record_on_launch": false,
            "enable_resource_name_dns_aaaa_record_on_launch": false,
            "id": "subnet-0a8d19b2105e98e39",
            "ipv6_cidr_block": "",
            "ipv6_cidr_block_association_id": "",
            "ipv6_native": false,
            "map_customer_owned_ip_on_launch": false,
            "map_public_ip_on_launch": true,
            "outpost_arn": "",
            "owner_id": "750038500402",
            "private_dns_hostname_type_on_launch": "ip-name",
            "tags": {
              "Name": "obligatorio-public-subnet",
              "terraform": "True"
            },
            "tags_all": {
              "Name": "obligatorio-public-subnet",
              "terraform": "True"
            },
            "timeouts": null,
            "vpc_id": "vpc-088513419c43f0ad6"
          },
          "sensitive_attributes": [],
          "private": "eyJlMmJmYjczMC1lY2FhLTExZTYtOGY4OC0zNDM2M2JjN2M0YzAiOnsiY3JlYXRlIjo2MDAwMDAwMDAwMDAsImRlbGV0ZSI6MTIwMDAwMDAwMDAwMH0sInNjaGVtYV92ZXJzaW9uIjoiMSJ9",
          "dependencies": [
            "aws_vpc.vpc_obligatorio"
          ]
        }
      ]
    },
    {
      "mode": "managed",
      "type": "aws_subnet",
      "name": "obligatorio_public_subnet2",
      "provider": "provider[\"registry.terraform.io/hashicorp/aws\"]",
      "instances": [
        {
          "schema_version": 1,
          "attributes": {
            "arn": "arn:aws:ec2:us-east-1:750038500402:subnet/subnet-06671010e32859740",
            "assign_ipv6_address_on_creation": false,
            "availability_zone": "us-east-1b",
            "availability_zone_id": "use1-az4",
            "cidr_block": "10.0.4.0/24",
            "customer_owned_ipv4_pool": "",
            "enable_dns64": false,
            "enable_lni_at_device_index": 0,
            "enable_resource_name_dns_a_record_on_launch": false,
            "enable_resource_name_dns_aaaa_record_on_launch": false,
            "id": "subnet-06671010e32859740",
            "ipv6_cidr_block": "",
            "ipv6_cidr_block_association_id": "",
            "ipv6_native": false,
            "map_customer_owned_ip_on_launch": false,
            "map_public_ip_on_launch": true,
            "outpost_arn": "",
            "owner_id": "750038500402",
            "private_dns_hostname_type_on_launch": "ip-name",
            "tags": {
              "Name": "obligatorio-public-subnet2",
              "terraform": "True"
            },
            "tags_all": {
              "Name": "obligatorio-public-subnet2",
              "terraform": "True"
            },
            "timeouts": null,
            "vpc_id": "vpc-088513419c43f0ad6"
          },
          "sensitive_attributes": [],
          "private": "eyJlMmJmYjczMC1lY2FhLTExZTYtOGY4OC0zNDM2M2JjN2M0YzAiOnsiY3JlYXRlIjo2MDAwMDAwMDAwMDAsImRlbGV0ZSI6MTIwMDAwMDAwMDAwMH0sInNjaGVtYV92ZXJzaW9uIjoiMSJ9",
          "dependencies": [
            "aws_vpc.vpc_obligatorio"
          ]
        }
      ]
    },
    {
      "mode": "managed",
      "type": "aws_vpc",
      "name": "vpc_obligatorio",
      "provider": "provider[\"registry.terraform.io/hashicorp/aws\"]",
      "instances": [
        {
          "schema_version": 1,
          "attributes": {
            "arn": "arn:aws:ec2:us-east-1:750038500402:vpc/vpc-088513419c43f0ad6",
            "assign_generated_ipv6_cidr_block": false,
            "cidr_block": "10.0.0.0/16",
            "default_network_acl_id": "acl-05d976bd5df6f824d",
            "default_route_table_id": "rtb-06142e7e3c55e7ed0",
            "default_security_group_id": "sg-04c8401c2fea45157",
            "dhcp_options_id": "dopt-00ef245821013f271",
            "enable_dns_hostnames": false,
            "enable_dns_support": true,
            "enable_network_address_usage_metrics": false,
            "id": "vpc-088513419c43f0ad6",
            "instance_tenancy": "default",
            "ipv4_ipam_pool_id": null,
            "ipv4_netmask_length": null,
            "ipv6_association_id": "",
            "ipv6_cidr_block": "",
            "ipv6_cidr_block_network_border_group": "",
            "ipv6_ipam_pool_id": "",
            "ipv6_netmask_length": 0,
            "main_route_table_id": "rtb-06142e7e3c55e7ed0",
            "owner_id": "750038500402",
            "tags": {
              "Name": "obligatorio-vpc",
              "terraform": "True"
            },
            "tags_all": {
              "Name": "obligatorio-vpc",
              "terraform": "True"
            }
          },
          "sensitive_attributes": [],
          "private": "eyJzY2hlbWFfdmVyc2lvbiI6IjEifQ=="
        }
      ]
    },
    {
      "mode": "managed",
      "type": "kubernetes_persistent_volume_claim",
      "name": "obligatorio_pvc",
      "provider": "provider[\"registry.terraform.io/hashicorp/kubernetes\"]",
      "instances": []
    }
  ],
  "check_results": null
}
